// !$*UTF8*$!
{
	archiveVersion = 1;
	classes = {
	};
	objectVersion = 56;
	objects = {

/* Begin PBXBuildFile section */
		A4E683462C13519F00809BDA /* AppDelegate.swift in Sources */ = {isa = PBXBuildFile; fileRef = A4E683452C13519F00809BDA /* AppDelegate.swift */; };
		A4E683482C13519F00809BDA /* SceneDelegate.swift in Sources */ = {isa = PBXBuildFile; fileRef = A4E683472C13519F00809BDA /* SceneDelegate.swift */; };
		A4E683502C13519F00809BDA /* mindvalleyassessment.xcdatamodeld in Sources */ = {isa = PBXBuildFile; fileRef = A4E6834E2C13519F00809BDA /* mindvalleyassessment.xcdatamodeld */; };
		A4E683522C1351A200809BDA /* Assets.xcassets in Resources */ = {isa = PBXBuildFile; fileRef = A4E683512C1351A200809BDA /* Assets.xcassets */; };
		A4E683552C1351A200809BDA /* Base in Resources */ = {isa = PBXBuildFile; fileRef = A4E683542C1351A200809BDA /* Base */; };
		A4E683602C1351A300809BDA /* mindvalleyassessmentTests.swift in Sources */ = {isa = PBXBuildFile; fileRef = A4E6835F2C1351A300809BDA /* mindvalleyassessmentTests.swift */; };
		A4E6836A2C1351A300809BDA /* mindvalleyassessmentUITests.swift in Sources */ = {isa = PBXBuildFile; fileRef = A4E683692C1351A300809BDA /* mindvalleyassessmentUITests.swift */; };
		A4E6836C2C1351A300809BDA /* mindvalleyassessmentUITestsLaunchTests.swift in Sources */ = {isa = PBXBuildFile; fileRef = A4E6836B2C1351A300809BDA /* mindvalleyassessmentUITestsLaunchTests.swift */; };
		A4E683852C13564700809BDA /* ChannelPresenter.swift in Sources */ = {isa = PBXBuildFile; fileRef = A4E6837F2C13564700809BDA /* ChannelPresenter.swift */; };
		A4E683862C13564700809BDA /* ChannelWorker.swift in Sources */ = {isa = PBXBuildFile; fileRef = A4E683802C13564700809BDA /* ChannelWorker.swift */; };
		A4E683872C13564700809BDA /* ChannelRouter.swift in Sources */ = {isa = PBXBuildFile; fileRef = A4E683812C13564700809BDA /* ChannelRouter.swift */; };
		A4E683882C13564700809BDA /* ChannelModels.swift in Sources */ = {isa = PBXBuildFile; fileRef = A4E683822C13564700809BDA /* ChannelModels.swift */; };
		A4E683892C13564700809BDA /* ChannelViewController.swift in Sources */ = {isa = PBXBuildFile; fileRef = A4E683832C13564700809BDA /* ChannelViewController.swift */; };
		A4E6838A2C13564700809BDA /* ChannelInteractor.swift in Sources */ = {isa = PBXBuildFile; fileRef = A4E683842C13564700809BDA /* ChannelInteractor.swift */; };
/* End PBXBuildFile section */

/* Begin PBXContainerItemProxy section */
		A4E6835C2C1351A300809BDA /* PBXContainerItemProxy */ = {
			isa = PBXContainerItemProxy;
			containerPortal = A4E6833A2C13519F00809BDA /* Project object */;
			proxyType = 1;
			remoteGlobalIDString = A4E683412C13519F00809BDA;
			remoteInfo = mindvalleyassessment;
		};
		A4E683662C1351A300809BDA /* PBXContainerItemProxy */ = {
			isa = PBXContainerItemProxy;
			containerPortal = A4E6833A2C13519F00809BDA /* Project object */;
			proxyType = 1;
			remoteGlobalIDString = A4E683412C13519F00809BDA;
			remoteInfo = mindvalleyassessment;
		};
/* End PBXContainerItemProxy section */

/* Begin PBXFileReference section */
		A4E683422C13519F00809BDA /* mindvalleyassessment.app */ = {isa = PBXFileReference; explicitFileType = wrapper.application; includeInIndex = 0; path = mindvalleyassessment.app; sourceTree = BUILT_PRODUCTS_DIR; };
		A4E683452C13519F00809BDA /* AppDelegate.swift */ = {isa = PBXFileReference; lastKnownFileType = sourcecode.swift; path = AppDelegate.swift; sourceTree = "<group>"; };
		A4E683472C13519F00809BDA /* SceneDelegate.swift */ = {isa = PBXFileReference; lastKnownFileType = sourcecode.swift; path = SceneDelegate.swift; sourceTree = "<group>"; };
		A4E6834F2C13519F00809BDA /* mindvalleyassessment.xcdatamodel */ = {isa = PBXFileReference; lastKnownFileType = wrapper.xcdatamodel; path = mindvalleyassessment.xcdatamodel; sourceTree = "<group>"; };
		A4E683512C1351A200809BDA /* Assets.xcassets */ = {isa = PBXFileReference; lastKnownFileType = folder.assetcatalog; path = Assets.xcassets; sourceTree = "<group>"; };
		A4E683542C1351A200809BDA /* Base */ = {isa = PBXFileReference; lastKnownFileType = file.storyboard; name = Base; path = Base.lproj/LaunchScreen.storyboard; sourceTree = "<group>"; };
		A4E683562C1351A200809BDA /* Info.plist */ = {isa = PBXFileReference; lastKnownFileType = text.plist.xml; path = Info.plist; sourceTree = "<group>"; };
		A4E6835B2C1351A300809BDA /* mindvalleyassessmentTests.xctest */ = {isa = PBXFileReference; explicitFileType = wrapper.cfbundle; includeInIndex = 0; path = mindvalleyassessmentTests.xctest; sourceTree = BUILT_PRODUCTS_DIR; };
		A4E6835F2C1351A300809BDA /* mindvalleyassessmentTests.swift */ = {isa = PBXFileReference; lastKnownFileType = sourcecode.swift; path = mindvalleyassessmentTests.swift; sourceTree = "<group>"; };
		A4E683652C1351A300809BDA /* mindvalleyassessmentUITests.xctest */ = {isa = PBXFileReference; explicitFileType = wrapper.cfbundle; includeInIndex = 0; path = mindvalleyassessmentUITests.xctest; sourceTree = BUILT_PRODUCTS_DIR; };
		A4E683692C1351A300809BDA /* mindvalleyassessmentUITests.swift */ = {isa = PBXFileReference; lastKnownFileType = sourcecode.swift; path = mindvalleyassessmentUITests.swift; sourceTree = "<group>"; };
		A4E6836B2C1351A300809BDA /* mindvalleyassessmentUITestsLaunchTests.swift */ = {isa = PBXFileReference; lastKnownFileType = sourcecode.swift; path = mindvalleyassessmentUITestsLaunchTests.swift; sourceTree = "<group>"; };
		A4E6837F2C13564700809BDA /* ChannelPresenter.swift */ = {isa = PBXFileReference; lastKnownFileType = sourcecode.swift; path = ChannelPresenter.swift; sourceTree = "<group>"; };
		A4E683802C13564700809BDA /* ChannelWorker.swift */ = {isa = PBXFileReference; lastKnownFileType = sourcecode.swift; path = ChannelWorker.swift; sourceTree = "<group>"; };
		A4E683812C13564700809BDA /* ChannelRouter.swift */ = {isa = PBXFileReference; lastKnownFileType = sourcecode.swift; path = ChannelRouter.swift; sourceTree = "<group>"; };
		A4E683822C13564700809BDA /* ChannelModels.swift */ = {isa = PBXFileReference; lastKnownFileType = sourcecode.swift; path = ChannelModels.swift; sourceTree = "<group>"; };
		A4E683832C13564700809BDA /* ChannelViewController.swift */ = {isa = PBXFileReference; lastKnownFileType = sourcecode.swift; path = ChannelViewController.swift; sourceTree = "<group>"; };
		A4E683842C13564700809BDA /* ChannelInteractor.swift */ = {isa = PBXFileReference; lastKnownFileType = sourcecode.swift; path = ChannelInteractor.swift; sourceTree = "<group>"; };
/* End PBXFileReference section */

/* Begin PBXFrameworksBuildPhase section */
		A4E6833F2C13519F00809BDA /* Frameworks */ = {
			isa = PBXFrameworksBuildPhase;
			buildActionMask = 2147483647;
			files = (
			);
			runOnlyForDeploymentPostprocessing = 0;
		};
		A4E683582C1351A300809BDA /* Frameworks */ = {
			isa = PBXFrameworksBuildPhase;
			buildActionMask = 2147483647;
			files = (
			);
			runOnlyForDeploymentPostprocessing = 0;
		};
		A4E683622C1351A300809BDA /* Frameworks */ = {
			isa = PBXFrameworksBuildPhase;
			buildActionMask = 2147483647;
			files = (
			);
			runOnlyForDeploymentPostprocessing = 0;
		};
/* End PBXFrameworksBuildPhase section */

/* Begin PBXGroup section */
		A4E683392C13519F00809BDA = {
			isa = PBXGroup;
			children = (
				A4E683442C13519F00809BDA /* mindvalleyassessment */,
				A4E6835E2C1351A300809BDA /* mindvalleyassessmentTests */,
				A4E683682C1351A300809BDA /* mindvalleyassessmentUITests */,
				A4E683432C13519F00809BDA /* Products */,
			);
			sourceTree = "<group>";
		};
		A4E683432C13519F00809BDA /* Products */ = {
			isa = PBXGroup;
			children = (
				A4E683422C13519F00809BDA /* mindvalleyassessment.app */,
				A4E6835B2C1351A300809BDA /* mindvalleyassessmentTests.xctest */,
				A4E683652C1351A300809BDA /* mindvalleyassessmentUITests.xctest */,
			);
			name = Products;
			sourceTree = "<group>";
		};
		A4E683442C13519F00809BDA /* mindvalleyassessment */ = {
			isa = PBXGroup;
			children = (
				A4E6837D2C13559D00809BDA /* Models */,
				A4E6837C2C13559700809BDA /* Workers */,
				A4E6837B2C13559000809BDA /* Scenes */,
				A4E683792C13557D00809BDA /* Shared */,
				A4E683782C13557600809BDA /* Resources */,
				A4E683452C13519F00809BDA /* AppDelegate.swift */,
				A4E683472C13519F00809BDA /* SceneDelegate.swift */,
				A4E683512C1351A200809BDA /* Assets.xcassets */,
				A4E683532C1351A200809BDA /* LaunchScreen.storyboard */,
				A4E683562C1351A200809BDA /* Info.plist */,
				A4E6834E2C13519F00809BDA /* mindvalleyassessment.xcdatamodeld */,
			);
			path = mindvalleyassessment;
			sourceTree = "<group>";
		};
		A4E6835E2C1351A300809BDA /* mindvalleyassessmentTests */ = {
			isa = PBXGroup;
			children = (
				A4E6835F2C1351A300809BDA /* mindvalleyassessmentTests.swift */,
			);
			path = mindvalleyassessmentTests;
			sourceTree = "<group>";
		};
		A4E683682C1351A300809BDA /* mindvalleyassessmentUITests */ = {
			isa = PBXGroup;
			children = (
				A4E683692C1351A300809BDA /* mindvalleyassessmentUITests.swift */,
				A4E6836B2C1351A300809BDA /* mindvalleyassessmentUITestsLaunchTests.swift */,
			);
			path = mindvalleyassessmentUITests;
			sourceTree = "<group>";
		};
		A4E683782C13557600809BDA /* Resources */ = {
			isa = PBXGroup;
			children = (
			);
			path = Resources;
			sourceTree = "<group>";
		};
		A4E683792C13557D00809BDA /* Shared */ = {
			isa = PBXGroup;
			children = (
			);
			path = Shared;
			sourceTree = "<group>";
		};
		A4E6837B2C13559000809BDA /* Scenes */ = {
			isa = PBXGroup;
			children = (
				A4E6837E2C13562300809BDA /* Channnel */,
			);
			path = Scenes;
			sourceTree = "<group>";
		};
		A4E6837C2C13559700809BDA /* Workers */ = {
			isa = PBXGroup;
			children = (
			);
			path = Workers;
			sourceTree = "<group>";
		};
		A4E6837D2C13559D00809BDA /* Models */ = {
			isa = PBXGroup;
			children = (
			);
			path = Models;
			sourceTree = "<group>";
		};
		A4E6837E2C13562300809BDA /* Channnel */ = {
			isa = PBXGroup;
			children = (
				A4E6837F2C13564700809BDA /* ChannelPresenter.swift */,
				A4E683802C13564700809BDA /* ChannelWorker.swift */,
				A4E683812C13564700809BDA /* ChannelRouter.swift */,
				A4E683822C13564700809BDA /* ChannelModels.swift */,
				A4E683832C13564700809BDA /* ChannelViewController.swift */,
				A4E683842C13564700809BDA /* ChannelInteractor.swift */,
			);
			path = Channnel;
			sourceTree = "<group>";
		};
/* End PBXGroup section */

/* Begin PBXNativeTarget section */
		A4E683412C13519F00809BDA /* mindvalleyassessment */ = {
			isa = PBXNativeTarget;
			buildConfigurationList = A4E6836F2C1351A300809BDA /* Build configuration list for PBXNativeTarget "mindvalleyassessment" */;
			buildPhases = (
				A4E6833E2C13519F00809BDA /* Sources */,
				A4E6833F2C13519F00809BDA /* Frameworks */,
				A4E683402C13519F00809BDA /* Resources */,
			);
			buildRules = (
			);
			dependencies = (
			);
			name = mindvalleyassessment;
			productName = mindvalleyassessment;
			productReference = A4E683422C13519F00809BDA /* mindvalleyassessment.app */;
			productType = "com.apple.product-type.application";
		};
		A4E6835A2C1351A300809BDA /* mindvalleyassessmentTests */ = {
			isa = PBXNativeTarget;
			buildConfigurationList = A4E683722C1351A300809BDA /* Build configuration list for PBXNativeTarget "mindvalleyassessmentTests" */;
			buildPhases = (
				A4E683572C1351A300809BDA /* Sources */,
				A4E683582C1351A300809BDA /* Frameworks */,
				A4E683592C1351A300809BDA /* Resources */,
			);
			buildRules = (
			);
			dependencies = (
				A4E6835D2C1351A300809BDA /* PBXTargetDependency */,
			);
			name = mindvalleyassessmentTests;
			productName = mindvalleyassessmentTests;
			productReference = A4E6835B2C1351A300809BDA /* mindvalleyassessmentTests.xctest */;
			productType = "com.apple.product-type.bundle.unit-test";
		};
		A4E683642C1351A300809BDA /* mindvalleyassessmentUITests */ = {
			isa = PBXNativeTarget;
			buildConfigurationList = A4E683752C1351A300809BDA /* Build configuration list for PBXNativeTarget "mindvalleyassessmentUITests" */;
			buildPhases = (
				A4E683612C1351A300809BDA /* Sources */,
				A4E683622C1351A300809BDA /* Frameworks */,
				A4E683632C1351A300809BDA /* Resources */,
			);
			buildRules = (
			);
			dependencies = (
				A4E683672C1351A300809BDA /* PBXTargetDependency */,
			);
			name = mindvalleyassessmentUITests;
			productName = mindvalleyassessmentUITests;
			productReference = A4E683652C1351A300809BDA /* mindvalleyassessmentUITests.xctest */;
			productType = "com.apple.product-type.bundle.ui-testing";
		};
/* End PBXNativeTarget section */

/* Begin PBXProject section */
		A4E6833A2C13519F00809BDA /* Project object */ = {
			isa = PBXProject;
			attributes = {
				BuildIndependentTargetsInParallel = 1;
				LastSwiftUpdateCheck = 1540;
				LastUpgradeCheck = 1540;
				TargetAttributes = {
					A4E683412C13519F00809BDA = {
						CreatedOnToolsVersion = 15.4;
					};
					A4E6835A2C1351A300809BDA = {
						CreatedOnToolsVersion = 15.4;
						TestTargetID = A4E683412C13519F00809BDA;
					};
					A4E683642C1351A300809BDA = {
						CreatedOnToolsVersion = 15.4;
						TestTargetID = A4E683412C13519F00809BDA;
					};
				};
			};
			buildConfigurationList = A4E6833D2C13519F00809BDA /* Build configuration list for PBXProject "mindvalleyassessment" */;
			compatibilityVersion = "Xcode 14.0";
			developmentRegion = en;
			hasScannedForEncodings = 0;
			knownRegions = (
				en,
				Base,
			);
			mainGroup = A4E683392C13519F00809BDA;
			productRefGroup = A4E683432C13519F00809BDA /* Products */;
			projectDirPath = "";
			projectRoot = "";
			targets = (
				A4E683412C13519F00809BDA /* mindvalleyassessment */,
				A4E6835A2C1351A300809BDA /* mindvalleyassessmentTests */,
				A4E683642C1351A300809BDA /* mindvalleyassessmentUITests */,
			);
		};
/* End PBXProject section */

/* Begin PBXResourcesBuildPhase section */
		A4E683402C13519F00809BDA /* Resources */ = {
			isa = PBXResourcesBuildPhase;
			buildActionMask = 2147483647;
			files = (
				A4E683522C1351A200809BDA /* Assets.xcassets in Resources */,
				A4E683552C1351A200809BDA /* Base in Resources */,
			);
			runOnlyForDeploymentPostprocessing = 0;
		};
		A4E683592C1351A300809BDA /* Resources */ = {
			isa = PBXResourcesBuildPhase;
			buildActionMask = 2147483647;
			files = (
			);
			runOnlyForDeploymentPostprocessing = 0;
		};
		A4E683632C1351A300809BDA /* Resources */ = {
			isa = PBXResourcesBuildPhase;
			buildActionMask = 2147483647;
			files = (
			);
			runOnlyForDeploymentPostprocessing = 0;
		};
/* End PBXResourcesBuildPhase section */

/* Begin PBXSourcesBuildPhase section */
		A4E6833E2C13519F00809BDA /* Sources */ = {
			isa = PBXSourcesBuildPhase;
			buildActionMask = 2147483647;
			files = (
				A4E683502C13519F00809BDA /* mindvalleyassessment.xcdatamodeld in Sources */,
				A4E683462C13519F00809BDA /* AppDelegate.swift in Sources */,
				A4E683852C13564700809BDA /* ChannelPresenter.swift in Sources */,
				A4E683862C13564700809BDA /* ChannelWorker.swift in Sources */,
				A4E683872C13564700809BDA /* ChannelRouter.swift in Sources */,
				A4E683882C13564700809BDA /* ChannelModels.swift in Sources */,
				A4E683892C13564700809BDA /* ChannelViewController.swift in Sources */,
				A4E6838A2C13564700809BDA /* ChannelInteractor.swift in Sources */,
				A4E683482C13519F00809BDA /* SceneDelegate.swift in Sources */,
			);
			runOnlyForDeploymentPostprocessing = 0;
		};
		A4E683572C1351A300809BDA /* Sources */ = {
			isa = PBXSourcesBuildPhase;
			buildActionMask = 2147483647;
			files = (
				A4E683602C1351A300809BDA /* mindvalleyassessmentTests.swift in Sources */,
			);
			runOnlyForDeploymentPostprocessing = 0;
		};
		A4E683612C1351A300809BDA /* Sources */ = {
			isa = PBXSourcesBuildPhase;
			buildActionMask = 2147483647;
			files = (
				A4E6836A2C1351A300809BDA /* mindvalleyassessmentUITests.swift in Sources */,
				A4E6836C2C1351A300809BDA /* mindvalleyassessmentUITestsLaunchTests.swift in Sources */,
			);
			runOnlyForDeploymentPostprocessing = 0;
		};
/* End PBXSourcesBuildPhase section */

/* Begin PBXTargetDependency section */
		A4E6835D2C1351A300809BDA /* PBXTargetDependency */ = {
			isa = PBXTargetDependency;
			target = A4E683412C13519F00809BDA /* mindvalleyassessment */;
			targetProxy = A4E6835C2C1351A300809BDA /* PBXContainerItemProxy */;
		};
		A4E683672C1351A300809BDA /* PBXTargetDependency */ = {
			isa = PBXTargetDependency;
			target = A4E683412C13519F00809BDA /* mindvalleyassessment */;
			targetProxy = A4E683662C1351A300809BDA /* PBXContainerItemProxy */;
		};
/* End PBXTargetDependency section */

/* Begin PBXVariantGroup section */
		A4E683532C1351A200809BDA /* LaunchScreen.storyboard */ = {
			isa = PBXVariantGroup;
			children = (
				A4E683542C1351A200809BDA /* Base */,
			);
			name = LaunchScreen.storyboard;
			sourceTree = "<group>";
		};
/* End PBXVariantGroup section */

/* Begin XCBuildConfiguration section */
		A4E6836D2C1351A300809BDA /* Debug */ = {
			isa = XCBuildConfiguration;
			buildSettings = {
				ALWAYS_SEARCH_USER_PATHS = NO;
				ASSETCATALOG_COMPILER_GENERATE_SWIFT_ASSET_SYMBOL_EXTENSIONS = YES;
				CLANG_ANALYZER_NONNULL = YES;
				CLANG_ANALYZER_NUMBER_OBJECT_CONVERSION = YES_AGGRESSIVE;
				CLANG_CXX_LANGUAGE_STANDARD = "gnu++20";
				CLANG_ENABLE_MODULES = YES;
				CLANG_ENABLE_OBJC_ARC = YES;
				CLANG_ENABLE_OBJC_WEAK = YES;
				CLANG_WARN_BLOCK_CAPTURE_AUTORELEASING = YES;
				CLANG_WARN_BOOL_CONVERSION = YES;
				CLANG_WARN_COMMA = YES;
				CLANG_WARN_CONSTANT_CONVERSION = YES;
				CLANG_WARN_DEPRECATED_OBJC_IMPLEMENTATIONS = YES;
				CLANG_WARN_DIRECT_OBJC_ISA_USAGE = YES_ERROR;
				CLANG_WARN_DOCUMENTATION_COMMENTS = YES;
				CLANG_WARN_EMPTY_BODY = YES;
				CLANG_WARN_ENUM_CONVERSION = YES;
				CLANG_WARN_INFINITE_RECURSION = YES;
				CLANG_WARN_INT_CONVERSION = YES;
				CLANG_WARN_NON_LITERAL_NULL_CONVERSION = YES;
				CLANG_WARN_OBJC_IMPLICIT_RETAIN_SELF = YES;
				CLANG_WARN_OBJC_LITERAL_CONVERSION = YES;
				CLANG_WARN_OBJC_ROOT_CLASS = YES_ERROR;
				CLANG_WARN_QUOTED_INCLUDE_IN_FRAMEWORK_HEADER = YES;
				CLANG_WARN_RANGE_LOOP_ANALYSIS = YES;
				CLANG_WARN_STRICT_PROTOTYPES = YES;
				CLANG_WARN_SUSPICIOUS_MOVE = YES;
				CLANG_WARN_UNGUARDED_AVAILABILITY = YES_AGGRESSIVE;
				CLANG_WARN_UNREACHABLE_CODE = YES;
				CLANG_WARN__DUPLICATE_METHOD_MATCH = YES;
				COPY_PHASE_STRIP = NO;
				DEBUG_INFORMATION_FORMAT = dwarf;
				ENABLE_STRICT_OBJC_MSGSEND = YES;
				ENABLE_TESTABILITY = YES;
				ENABLE_USER_SCRIPT_SANDBOXING = YES;
				GCC_C_LANGUAGE_STANDARD = gnu17;
				GCC_DYNAMIC_NO_PIC = NO;
				GCC_NO_COMMON_BLOCKS = YES;
				GCC_OPTIMIZATION_LEVEL = 0;
				GCC_PREPROCESSOR_DEFINITIONS = (
					"DEBUG=1",
					"$(inherited)",
				);
				GCC_WARN_64_TO_32_BIT_CONVERSION = YES;
				GCC_WARN_ABOUT_RETURN_TYPE = YES_ERROR;
				GCC_WARN_UNDECLARED_SELECTOR = YES;
				GCC_WARN_UNINITIALIZED_AUTOS = YES_AGGRESSIVE;
				GCC_WARN_UNUSED_FUNCTION = YES;
				GCC_WARN_UNUSED_VARIABLE = YES;
				IPHONEOS_DEPLOYMENT_TARGET = 17.5;
				LOCALIZATION_PREFERS_STRING_CATALOGS = YES;
				MTL_ENABLE_DEBUG_INFO = INCLUDE_SOURCE;
				MTL_FAST_MATH = YES;
				ONLY_ACTIVE_ARCH = YES;
				SDKROOT = iphoneos;
				SWIFT_ACTIVE_COMPILATION_CONDITIONS = "DEBUG $(inherited)";
				SWIFT_OPTIMIZATION_LEVEL = "-Onone";
			};
			name = Debug;
		};
		A4E6836E2C1351A300809BDA /* Release */ = {
			isa = XCBuildConfiguration;
			buildSettings = {
				ALWAYS_SEARCH_USER_PATHS = NO;
				ASSETCATALOG_COMPILER_GENERATE_SWIFT_ASSET_SYMBOL_EXTENSIONS = YES;
				CLANG_ANALYZER_NONNULL = YES;
				CLANG_ANALYZER_NUMBER_OBJECT_CONVERSION = YES_AGGRESSIVE;
				CLANG_CXX_LANGUAGE_STANDARD = "gnu++20";
				CLANG_ENABLE_MODULES = YES;
				CLANG_ENABLE_OBJC_ARC = YES;
				CLANG_ENABLE_OBJC_WEAK = YES;
				CLANG_WARN_BLOCK_CAPTURE_AUTORELEASING = YES;
				CLANG_WARN_BOOL_CONVERSION = YES;
				CLANG_WARN_COMMA = YES;
				CLANG_WARN_CONSTANT_CONVERSION = YES;
				CLANG_WARN_DEPRECATED_OBJC_IMPLEMENTATIONS = YES;
				CLANG_WARN_DIRECT_OBJC_ISA_USAGE = YES_ERROR;
				CLANG_WARN_DOCUMENTATION_COMMENTS = YES;
				CLANG_WARN_EMPTY_BODY = YES;
				CLANG_WARN_ENUM_CONVERSION = YES;
				CLANG_WARN_INFINITE_RECURSION = YES;
				CLANG_WARN_INT_CONVERSION = YES;
				CLANG_WARN_NON_LITERAL_NULL_CONVERSION = YES;
				CLANG_WARN_OBJC_IMPLICIT_RETAIN_SELF = YES;
				CLANG_WARN_OBJC_LITERAL_CONVERSION = YES;
				CLANG_WARN_OBJC_ROOT_CLASS = YES_ERROR;
				CLANG_WARN_QUOTED_INCLUDE_IN_FRAMEWORK_HEADER = YES;
				CLANG_WARN_RANGE_LOOP_ANALYSIS = YES;
				CLANG_WARN_STRICT_PROTOTYPES = YES;
				CLANG_WARN_SUSPICIOUS_MOVE = YES;
				CLANG_WARN_UNGUARDED_AVAILABILITY = YES_AGGRESSIVE;
				CLANG_WARN_UNREACHABLE_CODE = YES;
				CLANG_WARN__DUPLICATE_METHOD_MATCH = YES;
				COPY_PHASE_STRIP = NO;
				DEBUG_INFORMATION_FORMAT = "dwarf-with-dsym";
				ENABLE_NS_ASSERTIONS = NO;
				ENABLE_STRICT_OBJC_MSGSEND = YES;
				ENABLE_USER_SCRIPT_SANDBOXING = YES;
				GCC_C_LANGUAGE_STANDARD = gnu17;
				GCC_NO_COMMON_BLOCKS = YES;
				GCC_WARN_64_TO_32_BIT_CONVERSION = YES;
				GCC_WARN_ABOUT_RETURN_TYPE = YES_ERROR;
				GCC_WARN_UNDECLARED_SELECTOR = YES;
				GCC_WARN_UNINITIALIZED_AUTOS = YES_AGGRESSIVE;
				GCC_WARN_UNUSED_FUNCTION = YES;
				GCC_WARN_UNUSED_VARIABLE = YES;
				IPHONEOS_DEPLOYMENT_TARGET = 17.5;
				LOCALIZATION_PREFERS_STRING_CATALOGS = YES;
				MTL_ENABLE_DEBUG_INFO = NO;
				MTL_FAST_MATH = YES;
				SDKROOT = iphoneos;
				SWIFT_COMPILATION_MODE = wholemodule;
				VALIDATE_PRODUCT = YES;
			};
			name = Release;
		};
		A4E683702C1351A300809BDA /* Debug */ = {
			isa = XCBuildConfiguration;
			buildSettings = {
				ASSETCATALOG_COMPILER_APPICON_NAME = AppIcon;
				ASSETCATALOG_COMPILER_GLOBAL_ACCENT_COLOR_NAME = AccentColor;
				CODE_SIGN_STYLE = Automatic;
				CURRENT_PROJECT_VERSION = 1;
				DEVELOPMENT_TEAM = 7JP6349F9Y;
				GENERATE_INFOPLIST_FILE = YES;
				INFOPLIST_FILE = mindvalleyassessment/Info.plist;
				INFOPLIST_KEY_UIApplicationSupportsIndirectInputEvents = YES;
				INFOPLIST_KEY_UILaunchStoryboardName = LaunchScreen;
				INFOPLIST_KEY_UISupportedInterfaceOrientations_iPad = "UIInterfaceOrientationPortrait UIInterfaceOrientationPortraitUpsideDown UIInterfaceOrientationLandscapeLeft UIInterfaceOrientationLandscapeRight";
				INFOPLIST_KEY_UISupportedInterfaceOrientations_iPhone = "UIInterfaceOrientationPortrait UIInterfaceOrientationLandscapeLeft UIInterfaceOrientationLandscapeRight";
				LD_RUNPATH_SEARCH_PATHS = (
					"$(inherited)",
					"@executable_path/Frameworks",
				);
				MARKETING_VERSION = 1.0;
				PRODUCT_BUNDLE_IDENTIFIER = com.alwyndev.mindvalleyassessment;
				PRODUCT_NAME = "$(TARGET_NAME)";
				SWIFT_EMIT_LOC_STRINGS = YES;
				SWIFT_VERSION = 5.0;
				TARGETED_DEVICE_FAMILY = "1,2";
			};
			name = Debug;
		};
		A4E683712C1351A300809BDA /* Release */ = {
			isa = XCBuildConfiguration;
			buildSettings = {
				ASSETCATALOG_COMPILER_APPICON_NAME = AppIcon;
				ASSETCATALOG_COMPILER_GLOBAL_ACCENT_COLOR_NAME = AccentColor;
				CODE_SIGN_STYLE = Automatic;
				CURRENT_PROJECT_VERSION = 1;
				DEVELOPMENT_TEAM = 7JP6349F9Y;
				GENERATE_INFOPLIST_FILE = YES;
				INFOPLIST_FILE = mindvalleyassessment/Info.plist;
				INFOPLIST_KEY_UIApplicationSupportsIndirectInputEvents = YES;
				INFOPLIST_KEY_UILaunchStoryboardName = LaunchScreen;
				INFOPLIST_KEY_UISupportedInterfaceOrientations_iPad = "UIInterfaceOrientationPortrait UIInterfaceOrientationPortraitUpsideDown UIInterfaceOrientationLandscapeLeft UIInterfaceOrientationLandscapeRight";
				INFOPLIST_KEY_UISupportedInterfaceOrientations_iPhone = "UIInterfaceOrientationPortrait UIInterfaceOrientationLandscapeLeft UIInterfaceOrientationLandscapeRight";
				LD_RUNPATH_SEARCH_PATHS = (
					"$(inherited)",
					"@executable_path/Frameworks",
				);
				MARKETING_VERSION = 1.0;
				PRODUCT_BUNDLE_IDENTIFIER = com.alwyndev.mindvalleyassessment;
				PRODUCT_NAME = "$(TARGET_NAME)";
				SWIFT_EMIT_LOC_STRINGS = YES;
				SWIFT_VERSION = 5.0;
				TARGETED_DEVICE_FAMILY = "1,2";
			};
			name = Release;
		};
		A4E683732C1351A300809BDA /* Debug */ = {
			isa = XCBuildConfiguration;
			buildSettings = {
				ALWAYS_EMBED_SWIFT_STANDARD_LIBRARIES = YES;
				BUNDLE_LOADER = "$(TEST_HOST)";
				CODE_SIGN_STYLE = Automatic;
				CURRENT_PROJECT_VERSION = 1;
				DEVELOPMENT_TEAM = 7JP6349F9Y;
				GENERATE_INFOPLIST_FILE = YES;
				IPHONEOS_DEPLOYMENT_TARGET = 17.5;
				MARKETING_VERSION = 1.0;
				PRODUCT_BUNDLE_IDENTIFIER = com.alwyndev.mindvalleyassessmentTests;
				PRODUCT_NAME = "$(TARGET_NAME)";
				SWIFT_EMIT_LOC_STRINGS = NO;
				SWIFT_VERSION = 5.0;
				TARGETED_DEVICE_FAMILY = "1,2";
				TEST_HOST = "$(BUILT_PRODUCTS_DIR)/mindvalleyassessment.app/$(BUNDLE_EXECUTABLE_FOLDER_PATH)/mindvalleyassessment";
			};
			name = Debug;
		};
		A4E683742C1351A300809BDA /* Release */ = {
			isa = XCBuildConfiguration;
			buildSettings = {
				ALWAYS_EMBED_SWIFT_STANDARD_LIBRARIES = YES;
				BUNDLE_LOADER = "$(TEST_HOST)";
				CODE_SIGN_STYLE = Automatic;
				CURRENT_PROJECT_VERSION = 1;
				DEVELOPMENT_TEAM = 7JP6349F9Y;
				GENERATE_INFOPLIST_FILE = YES;
				IPHONEOS_DEPLOYMENT_TARGET = 17.5;
				MARKETING_VERSION = 1.0;
				PRODUCT_BUNDLE_IDENTIFIER = com.alwyndev.mindvalleyassessmentTests;
				PRODUCT_NAME = "$(TARGET_NAME)";
				SWIFT_EMIT_LOC_STRINGS = NO;
				SWIFT_VERSION = 5.0;
				TARGETED_DEVICE_FAMILY = "1,2";
				TEST_HOST = "$(BUILT_PRODUCTS_DIR)/mindvalleyassessment.app/$(BUNDLE_EXECUTABLE_FOLDER_PATH)/mindvalleyassessment";
			};
			name = Release;
		};
		A4E683762C1351A300809BDA /* Debug */ = {
			isa = XCBuildConfiguration;
			buildSettings = {
				ALWAYS_EMBED_SWIFT_STANDARD_LIBRARIES = YES;
				CODE_SIGN_STYLE = Automatic;
				CURRENT_PROJECT_VERSION = 1;
				DEVELOPMENT_TEAM = 7JP6349F9Y;
				GENERATE_INFOPLIST_FILE = YES;
				MARKETING_VERSION = 1.0;
				PRODUCT_BUNDLE_IDENTIFIER = com.alwyndev.mindvalleyassessmentUITests;
				PRODUCT_NAME = "$(TARGET_NAME)";
				SWIFT_EMIT_LOC_STRINGS = NO;
				SWIFT_VERSION = 5.0;
				TARGETED_DEVICE_FAMILY = "1,2";
				TEST_TARGET_NAME = mindvalleyassessment;
			};
			name = Debug;
		};
		A4E683772C1351A300809BDA /* Release */ = {
			isa = XCBuildConfiguration;
			buildSettings = {
				ALWAYS_EMBED_SWIFT_STANDARD_LIBRARIES = YES;
				CODE_SIGN_STYLE = Automatic;
				CURRENT_PROJECT_VERSION = 1;
				DEVELOPMENT_TEAM = 7JP6349F9Y;
				GENERATE_INFOPLIST_FILE = YES;
				MARKETING_VERSION = 1.0;
				PRODUCT_BUNDLE_IDENTIFIER = com.alwyndev.mindvalleyassessmentUITests;
				PRODUCT_NAME = "$(TARGET_NAME)";
				SWIFT_EMIT_LOC_STRINGS = NO;
				SWIFT_VERSION = 5.0;
				TARGETED_DEVICE_FAMILY = "1,2";
				TEST_TARGET_NAME = mindvalleyassessment;
			};
			name = Release;
		};
/* End XCBuildConfiguration section */

/* Begin XCConfigurationList section */
		A4E6833D2C13519F00809BDA /* Build configuration list for PBXProject "mindvalleyassessment" */ = {
			isa = XCConfigurationList;
			buildConfigurations = (
				A4E6836D2C1351A300809BDA /* Debug */,
				A4E6836E2C1351A300809BDA /* Release */,
			);
			defaultConfigurationIsVisible = 0;
			defaultConfigurationName = Release;
		};
		A4E6836F2C1351A300809BDA /* Build configuration list for PBXNativeTarget "mindvalleyassessment" */ = {
			isa = XCConfigurationList;
			buildConfigurations = (
				A4E683702C1351A300809BDA /* Debug */,
				A4E683712C1351A300809BDA /* Release */,
			);
			defaultConfigurationIsVisible = 0;
			defaultConfigurationName = Release;
		};
		A4E683722C1351A300809BDA /* Build configuration list for PBXNativeTarget "mindvalleyassessmentTests" */ = {
			isa = XCConfigurationList;
			buildConfigurations = (
				A4E683732C1351A300809BDA /* Debug */,
				A4E683742C1351A300809BDA /* Release */,
			);
			defaultConfigurationIsVisible = 0;
			defaultConfigurationName = Release;
		};
		A4E683752C1351A300809BDA /* Build configuration list for PBXNativeTarget "mindvalleyassessmentUITests" */ = {
			isa = XCConfigurationList;
			buildConfigurations = (
				A4E683762C1351A300809BDA /* Debug */,
				A4E683772C1351A300809BDA /* Release */,
			);
			defaultConfigurationIsVisible = 0;
			defaultConfigurationName = Release;
		};
/* End XCConfigurationList section */

/* Begin XCVersionGroup section */
		A4E6834E2C13519F00809BDA /* mindvalleyassessment.xcdatamodeld */ = {
			isa = XCVersionGroup;
			children = (
				A4E6834F2C13519F00809BDA /* mindvalleyassessment.xcdatamodel */,
			);
			currentVersion = A4E6834F2C13519F00809BDA /* mindvalleyassessment.xcdatamodel */;
			path = mindvalleyassessment.xcdatamodeld;
			sourceTree = "<group>";
			versionGroupType = wrapper.xcdatamodel;
		};
/* End XCVersionGroup section */
	};
	rootObject = A4E6833A2C13519F00809BDA /* Project object */;
}
