// !$*UTF8*$!
{
	archiveVersion = 1;
	classes = {
	};
	objectVersion = 56;
	objects = {

/* Begin PBXBuildFile section */
		A42318BF2C1B92800030A354 /* UIFont+Extension.swift in Sources */ = {isa = PBXBuildFile; fileRef = A42318BE2C1B92800030A354 /* UIFont+Extension.swift */; };
		A42318C12C1B93070030A354 /* Font+Constant.swift in Sources */ = {isa = PBXBuildFile; fileRef = A42318C02C1B93070030A354 /* Font+Constant.swift */; };
		A42318C42C1B93770030A354 /* UIFontDescriptorAttributeName+Extension.swift in Sources */ = {isa = PBXBuildFile; fileRef = A42318C32C1B93770030A354 /* UIFontDescriptorAttributeName+Extension.swift */; };
		A42318C62C1B93BF0030A354 /* Resources.swift in Sources */ = {isa = PBXBuildFile; fileRef = A42318C52C1B93BF0030A354 /* Resources.swift */; };
		A45B06112C1BFFE70081DA38 /* EmptyableCollectionViewDiffableDataSource.swift in Sources */ = {isa = PBXBuildFile; fileRef = A45B06102C1BFFE70081DA38 /* EmptyableCollectionViewDiffableDataSource.swift */; };
		A45B06132C1C12120081DA38 /* EmptyStateView.swift in Sources */ = {isa = PBXBuildFile; fileRef = A45B06122C1C12120081DA38 /* EmptyStateView.swift */; };
		A45B06162C1C1CC70081DA38 /* NotificationName+Constant.swift in Sources */ = {isa = PBXBuildFile; fileRef = A45B06152C1C1CC70081DA38 /* NotificationName+Constant.swift */; };
		A45B061A2C1C2F680081DA38 /* ListChannelsViewControllerTests.swift in Sources */ = {isa = PBXBuildFile; fileRef = A45B06192C1C2F680081DA38 /* ListChannelsViewControllerTests.swift */; };
		A45B061C2C1C5B5A0081DA38 /* ListChannelsInteractorTests.swift in Sources */ = {isa = PBXBuildFile; fileRef = A45B061B2C1C5B5A0081DA38 /* ListChannelsInteractorTests.swift */; };
		A45B06212C1CD35E0081DA38 /* ListChannelsPresenterTests.swift in Sources */ = {isa = PBXBuildFile; fileRef = A45B06202C1CD35E0081DA38 /* ListChannelsPresenterTests.swift */; };
		A45F1D7A2C19BCDC006F4A47 /* PersistenceService.swift in Sources */ = {isa = PBXBuildFile; fileRef = A45F1D792C19BCDC006F4A47 /* PersistenceService.swift */; };
		A4608A912C18686400453455 /* Collection+Extension.swift in Sources */ = {isa = PBXBuildFile; fileRef = A4608A902C18686400453455 /* Collection+Extension.swift */; };
		A4608A942C187CAB00453455 /* Kingfisher in Frameworks */ = {isa = PBXBuildFile; productRef = A4608A932C187CAB00453455 /* Kingfisher */; };
		A4608A962C187EBB00453455 /* UIImageView+Extension.swift in Sources */ = {isa = PBXBuildFile; fileRef = A4608A952C187EBB00453455 /* UIImageView+Extension.swift */; };
		A47D4DA32C1AED480086BC93 /* CategoryEntity+CoreDataClass.swift in Sources */ = {isa = PBXBuildFile; fileRef = A47D4D9B2C1AED480086BC93 /* CategoryEntity+CoreDataClass.swift */; };
		A47D4DA42C1AED480086BC93 /* CategoryEntity+CoreDataProperties.swift in Sources */ = {isa = PBXBuildFile; fileRef = A47D4D9C2C1AED480086BC93 /* CategoryEntity+CoreDataProperties.swift */; };
		A47D4DA72C1AED480086BC93 /* NewEpisodeEntity+CoreDataClass.swift in Sources */ = {isa = PBXBuildFile; fileRef = A47D4D9F2C1AED480086BC93 /* NewEpisodeEntity+CoreDataClass.swift */; };
		A47D4DA82C1AED480086BC93 /* NewEpisodeEntity+CoreDataProperties.swift in Sources */ = {isa = PBXBuildFile; fileRef = A47D4DA02C1AED480086BC93 /* NewEpisodeEntity+CoreDataProperties.swift */; };
		A47D4DB72C1AF4070086BC93 /* ChannelEntity+CoreDataClass.swift in Sources */ = {isa = PBXBuildFile; fileRef = A47D4DB32C1AF4070086BC93 /* ChannelEntity+CoreDataClass.swift */; };
		A47D4DB82C1AF4070086BC93 /* ChannelEntity+CoreDataProperties.swift in Sources */ = {isa = PBXBuildFile; fileRef = A47D4DB42C1AF4070086BC93 /* ChannelEntity+CoreDataProperties.swift */; };
		A47D4DB92C1AF4070086BC93 /* ChannelSubEntity+CoreDataClass.swift in Sources */ = {isa = PBXBuildFile; fileRef = A47D4DB52C1AF4070086BC93 /* ChannelSubEntity+CoreDataClass.swift */; };
		A47D4DBA2C1AF4070086BC93 /* ChannelSubEntity+CoreDataProperties.swift in Sources */ = {isa = PBXBuildFile; fileRef = A47D4DB62C1AF4070086BC93 /* ChannelSubEntity+CoreDataProperties.swift */; };
		A47D4DBC2C1B52D30086BC93 /* UIView+ActivityIndicator+Extension.swift in Sources */ = {isa = PBXBuildFile; fileRef = A47D4DBB2C1B52D30086BC93 /* UIView+ActivityIndicator+Extension.swift */; };
		A47D4DC12C1B5DEE0086BC93 /* UIApplication+Extension.swift in Sources */ = {isa = PBXBuildFile; fileRef = A47D4DC02C1B5DEE0086BC93 /* UIApplication+Extension.swift */; };
		A47D4DC42C1B84E90086BC93 /* UIView+Animation+Extension.swift in Sources */ = {isa = PBXBuildFile; fileRef = A47D4DC32C1B84E90086BC93 /* UIView+Animation+Extension.swift */; };
		A47D4DD42C1B8CCA0086BC93 /* LICENSE.txt in Resources */ = {isa = PBXBuildFile; fileRef = A47D4DC62C1B8CCA0086BC93 /* LICENSE.txt */; };
		A47D4DD52C1B8CCA0086BC93 /* Roboto-Black.ttf in Resources */ = {isa = PBXBuildFile; fileRef = A47D4DC72C1B8CCA0086BC93 /* Roboto-Black.ttf */; };
		A47D4DD62C1B8CCA0086BC93 /* Roboto-BlackItalic.ttf in Resources */ = {isa = PBXBuildFile; fileRef = A47D4DC82C1B8CCA0086BC93 /* Roboto-BlackItalic.ttf */; };
		A47D4DD72C1B8CCA0086BC93 /* Roboto-Bold.ttf in Resources */ = {isa = PBXBuildFile; fileRef = A47D4DC92C1B8CCA0086BC93 /* Roboto-Bold.ttf */; };
		A47D4DD82C1B8CCA0086BC93 /* Roboto-BoldItalic.ttf in Resources */ = {isa = PBXBuildFile; fileRef = A47D4DCA2C1B8CCA0086BC93 /* Roboto-BoldItalic.ttf */; };
		A47D4DD92C1B8CCA0086BC93 /* Roboto-Italic.ttf in Resources */ = {isa = PBXBuildFile; fileRef = A47D4DCB2C1B8CCA0086BC93 /* Roboto-Italic.ttf */; };
		A47D4DDA2C1B8CCA0086BC93 /* Roboto-Light.ttf in Resources */ = {isa = PBXBuildFile; fileRef = A47D4DCC2C1B8CCA0086BC93 /* Roboto-Light.ttf */; };
		A47D4DDB2C1B8CCA0086BC93 /* Roboto-LightItalic.ttf in Resources */ = {isa = PBXBuildFile; fileRef = A47D4DCD2C1B8CCA0086BC93 /* Roboto-LightItalic.ttf */; };
		A47D4DDC2C1B8CCA0086BC93 /* Roboto-Medium.ttf in Resources */ = {isa = PBXBuildFile; fileRef = A47D4DCE2C1B8CCA0086BC93 /* Roboto-Medium.ttf */; };
		A47D4DDD2C1B8CCA0086BC93 /* Roboto-MediumItalic.ttf in Resources */ = {isa = PBXBuildFile; fileRef = A47D4DCF2C1B8CCA0086BC93 /* Roboto-MediumItalic.ttf */; };
		A47D4DDE2C1B8CCA0086BC93 /* Roboto-Regular.ttf in Resources */ = {isa = PBXBuildFile; fileRef = A47D4DD02C1B8CCA0086BC93 /* Roboto-Regular.ttf */; };
		A47D4DDF2C1B8CCA0086BC93 /* Roboto-Thin.ttf in Resources */ = {isa = PBXBuildFile; fileRef = A47D4DD12C1B8CCA0086BC93 /* Roboto-Thin.ttf */; };
		A47D4DE02C1B8CCA0086BC93 /* Roboto-ThinItalic.ttf in Resources */ = {isa = PBXBuildFile; fileRef = A47D4DD22C1B8CCA0086BC93 /* Roboto-ThinItalic.ttf */; };
		A484C8F02C1D8D6B008330C1 /* ListChannelsCategoryCell.swift in Sources */ = {isa = PBXBuildFile; fileRef = A484C8E12C1D8D6B008330C1 /* ListChannelsCategoryCell.swift */; };
		A484C8F12C1D8D6B008330C1 /* ListChannelsDefaultCell.swift in Sources */ = {isa = PBXBuildFile; fileRef = A484C8E22C1D8D6B008330C1 /* ListChannelsDefaultCell.swift */; };
		A484C8F22C1D8D6B008330C1 /* ListChannelsSeriesCell.swift in Sources */ = {isa = PBXBuildFile; fileRef = A484C8E32C1D8D6B008330C1 /* ListChannelsSeriesCell.swift */; };
		A484C8F32C1D8D6B008330C1 /* ListChannelsIconTextHeaderView.swift in Sources */ = {isa = PBXBuildFile; fileRef = A484C8E52C1D8D6B008330C1 /* ListChannelsIconTextHeaderView.swift */; };
		A484C8F42C1D8D6B008330C1 /* ListChannelsTextHeaderView.swift in Sources */ = {isa = PBXBuildFile; fileRef = A484C8E62C1D8D6B008330C1 /* ListChannelsTextHeaderView.swift */; };
		A484C8F52C1D8D6B008330C1 /* ListChannelsInteractor.swift in Sources */ = {isa = PBXBuildFile; fileRef = A484C8E92C1D8D6B008330C1 /* ListChannelsInteractor.swift */; };
		A484C8F62C1D8D6B008330C1 /* ListChannelsModels.swift in Sources */ = {isa = PBXBuildFile; fileRef = A484C8EA2C1D8D6B008330C1 /* ListChannelsModels.swift */; };
		A484C8F72C1D8D6B008330C1 /* ListChannelsPresenter.swift in Sources */ = {isa = PBXBuildFile; fileRef = A484C8EB2C1D8D6B008330C1 /* ListChannelsPresenter.swift */; };
		A484C8F82C1D8D6B008330C1 /* ListChannelsRouter.swift in Sources */ = {isa = PBXBuildFile; fileRef = A484C8EC2C1D8D6B008330C1 /* ListChannelsRouter.swift */; };
		A484C8F92C1D8D6B008330C1 /* ListChannelsViewController.swift in Sources */ = {isa = PBXBuildFile; fileRef = A484C8ED2C1D8D6B008330C1 /* ListChannelsViewController.swift */; };
		A484C8FA2C1D8D6B008330C1 /* ListChannelsWorker.swift in Sources */ = {isa = PBXBuildFile; fileRef = A484C8EE2C1D8D6B008330C1 /* ListChannelsWorker.swift */; };
		A49C73A22C17433200D4DB6A /* Error+Enum.swift in Sources */ = {isa = PBXBuildFile; fileRef = A49C73A12C17433200D4DB6A /* Error+Enum.swift */; };
		A49C73A72C17481900D4DB6A /* Color+Constant.swift in Sources */ = {isa = PBXBuildFile; fileRef = A49C73A62C17481900D4DB6A /* Color+Constant.swift */; };
		A49C73AC2C174B3300D4DB6A /* NetworkStatusCode+Enum.swift in Sources */ = {isa = PBXBuildFile; fileRef = A49C73AB2C174B3300D4DB6A /* NetworkStatusCode+Enum.swift */; };
		A49C73B02C1755CF00D4DB6A /* GlobalTypealiases.swift in Sources */ = {isa = PBXBuildFile; fileRef = A49C73AF2C1755CF00D4DB6A /* GlobalTypealiases.swift */; };
		A49C73B22C17567E00D4DB6A /* NetworkService.swift in Sources */ = {isa = PBXBuildFile; fileRef = A49C73B12C17567E00D4DB6A /* NetworkService.swift */; };
		A4E683462C13519F00809BDA /* AppDelegate.swift in Sources */ = {isa = PBXBuildFile; fileRef = A4E683452C13519F00809BDA /* AppDelegate.swift */; };
		A4E683482C13519F00809BDA /* SceneDelegate.swift in Sources */ = {isa = PBXBuildFile; fileRef = A4E683472C13519F00809BDA /* SceneDelegate.swift */; };
		A4E683502C13519F00809BDA /* mindvalleyassessment.xcdatamodeld in Sources */ = {isa = PBXBuildFile; fileRef = A4E6834E2C13519F00809BDA /* mindvalleyassessment.xcdatamodeld */; };
		A4E683522C1351A200809BDA /* Assets.xcassets in Resources */ = {isa = PBXBuildFile; fileRef = A4E683512C1351A200809BDA /* Assets.xcassets */; };
		A4E683552C1351A200809BDA /* Base in Resources */ = {isa = PBXBuildFile; fileRef = A4E683542C1351A200809BDA /* Base */; };
		A4E6836A2C1351A300809BDA /* mindvalleyassessmentUITests.swift in Sources */ = {isa = PBXBuildFile; fileRef = A4E683692C1351A300809BDA /* mindvalleyassessmentUITests.swift */; };
		A4E6836C2C1351A300809BDA /* mindvalleyassessmentUITestsLaunchTests.swift in Sources */ = {isa = PBXBuildFile; fileRef = A4E6836B2C1351A300809BDA /* mindvalleyassessmentUITestsLaunchTests.swift */; };
		A4E683902C13611F00809BDA /* UIColor+Extension.swift in Sources */ = {isa = PBXBuildFile; fileRef = A4E6838F2C13611F00809BDA /* UIColor+Extension.swift */; };
		A4E683922C137A8300809BDA /* NewEpisode.swift in Sources */ = {isa = PBXBuildFile; fileRef = A4E683912C137A8300809BDA /* NewEpisode.swift */; };
		A4E683942C137AAA00809BDA /* Channel.swift in Sources */ = {isa = PBXBuildFile; fileRef = A4E683932C137AAA00809BDA /* Channel.swift */; };
		A4E683962C137AB100809BDA /* Category.swift in Sources */ = {isa = PBXBuildFile; fileRef = A4E683952C137AB100809BDA /* Category.swift */; };
/* End PBXBuildFile section */

/* Begin PBXContainerItemProxy section */
		A4E6835C2C1351A300809BDA /* PBXContainerItemProxy */ = {
			isa = PBXContainerItemProxy;
			containerPortal = A4E6833A2C13519F00809BDA /* Project object */;
			proxyType = 1;
			remoteGlobalIDString = A4E683412C13519F00809BDA;
			remoteInfo = mindvalleyassessment;
		};
		A4E683662C1351A300809BDA /* PBXContainerItemProxy */ = {
			isa = PBXContainerItemProxy;
			containerPortal = A4E6833A2C13519F00809BDA /* Project object */;
			proxyType = 1;
			remoteGlobalIDString = A4E683412C13519F00809BDA;
			remoteInfo = mindvalleyassessment;
		};
/* End PBXContainerItemProxy section */

/* Begin PBXFileReference section */
		A4141F452C1F3E9D00B1E917 /* README.md */ = {isa = PBXFileReference; lastKnownFileType = net.daringfireball.markdown; path = README.md; sourceTree = "<group>"; };
		A42318BE2C1B92800030A354 /* UIFont+Extension.swift */ = {isa = PBXFileReference; lastKnownFileType = sourcecode.swift; path = "UIFont+Extension.swift"; sourceTree = "<group>"; };
		A42318C02C1B93070030A354 /* Font+Constant.swift */ = {isa = PBXFileReference; lastKnownFileType = sourcecode.swift; path = "Font+Constant.swift"; sourceTree = "<group>"; };
		A42318C32C1B93770030A354 /* UIFontDescriptorAttributeName+Extension.swift */ = {isa = PBXFileReference; lastKnownFileType = sourcecode.swift; path = "UIFontDescriptorAttributeName+Extension.swift"; sourceTree = "<group>"; };
		A42318C52C1B93BF0030A354 /* Resources.swift */ = {isa = PBXFileReference; lastKnownFileType = sourcecode.swift; path = Resources.swift; sourceTree = "<group>"; };
		A45B06102C1BFFE70081DA38 /* EmptyableCollectionViewDiffableDataSource.swift */ = {isa = PBXFileReference; lastKnownFileType = sourcecode.swift; path = EmptyableCollectionViewDiffableDataSource.swift; sourceTree = "<group>"; };
		A45B06122C1C12120081DA38 /* EmptyStateView.swift */ = {isa = PBXFileReference; lastKnownFileType = sourcecode.swift; path = EmptyStateView.swift; sourceTree = "<group>"; };
		A45B06152C1C1CC70081DA38 /* NotificationName+Constant.swift */ = {isa = PBXFileReference; lastKnownFileType = sourcecode.swift; path = "NotificationName+Constant.swift"; sourceTree = "<group>"; };
		A45B06192C1C2F680081DA38 /* ListChannelsViewControllerTests.swift */ = {isa = PBXFileReference; lastKnownFileType = sourcecode.swift; path = ListChannelsViewControllerTests.swift; sourceTree = "<group>"; };
		A45B061B2C1C5B5A0081DA38 /* ListChannelsInteractorTests.swift */ = {isa = PBXFileReference; lastKnownFileType = sourcecode.swift; path = ListChannelsInteractorTests.swift; sourceTree = "<group>"; };
		A45B06202C1CD35E0081DA38 /* ListChannelsPresenterTests.swift */ = {isa = PBXFileReference; lastKnownFileType = sourcecode.swift; path = ListChannelsPresenterTests.swift; sourceTree = "<group>"; };
		A45F1D792C19BCDC006F4A47 /* PersistenceService.swift */ = {isa = PBXFileReference; lastKnownFileType = sourcecode.swift; path = PersistenceService.swift; sourceTree = "<group>"; };
		A4608A902C18686400453455 /* Collection+Extension.swift */ = {isa = PBXFileReference; lastKnownFileType = sourcecode.swift; path = "Collection+Extension.swift"; sourceTree = "<group>"; };
		A4608A952C187EBB00453455 /* UIImageView+Extension.swift */ = {isa = PBXFileReference; lastKnownFileType = sourcecode.swift; path = "UIImageView+Extension.swift"; sourceTree = "<group>"; };
		A47D4D9B2C1AED480086BC93 /* CategoryEntity+CoreDataClass.swift */ = {isa = PBXFileReference; lastKnownFileType = sourcecode.swift; path = "CategoryEntity+CoreDataClass.swift"; sourceTree = "<group>"; };
		A47D4D9C2C1AED480086BC93 /* CategoryEntity+CoreDataProperties.swift */ = {isa = PBXFileReference; lastKnownFileType = sourcecode.swift; path = "CategoryEntity+CoreDataProperties.swift"; sourceTree = "<group>"; };
		A47D4D9F2C1AED480086BC93 /* NewEpisodeEntity+CoreDataClass.swift */ = {isa = PBXFileReference; lastKnownFileType = sourcecode.swift; path = "NewEpisodeEntity+CoreDataClass.swift"; sourceTree = "<group>"; };
		A47D4DA02C1AED480086BC93 /* NewEpisodeEntity+CoreDataProperties.swift */ = {isa = PBXFileReference; lastKnownFileType = sourcecode.swift; path = "NewEpisodeEntity+CoreDataProperties.swift"; sourceTree = "<group>"; };
		A47D4DB32C1AF4070086BC93 /* ChannelEntity+CoreDataClass.swift */ = {isa = PBXFileReference; lastKnownFileType = sourcecode.swift; path = "ChannelEntity+CoreDataClass.swift"; sourceTree = "<group>"; };
		A47D4DB42C1AF4070086BC93 /* ChannelEntity+CoreDataProperties.swift */ = {isa = PBXFileReference; lastKnownFileType = sourcecode.swift; path = "ChannelEntity+CoreDataProperties.swift"; sourceTree = "<group>"; };
		A47D4DB52C1AF4070086BC93 /* ChannelSubEntity+CoreDataClass.swift */ = {isa = PBXFileReference; lastKnownFileType = sourcecode.swift; path = "ChannelSubEntity+CoreDataClass.swift"; sourceTree = "<group>"; };
		A47D4DB62C1AF4070086BC93 /* ChannelSubEntity+CoreDataProperties.swift */ = {isa = PBXFileReference; lastKnownFileType = sourcecode.swift; path = "ChannelSubEntity+CoreDataProperties.swift"; sourceTree = "<group>"; };
		A47D4DBB2C1B52D30086BC93 /* UIView+ActivityIndicator+Extension.swift */ = {isa = PBXFileReference; lastKnownFileType = sourcecode.swift; path = "UIView+ActivityIndicator+Extension.swift"; sourceTree = "<group>"; };
		A47D4DC02C1B5DEE0086BC93 /* UIApplication+Extension.swift */ = {isa = PBXFileReference; lastKnownFileType = sourcecode.swift; path = "UIApplication+Extension.swift"; sourceTree = "<group>"; };
		A47D4DC32C1B84E90086BC93 /* UIView+Animation+Extension.swift */ = {isa = PBXFileReference; lastKnownFileType = sourcecode.swift; path = "UIView+Animation+Extension.swift"; sourceTree = "<group>"; };
		A47D4DC62C1B8CCA0086BC93 /* LICENSE.txt */ = {isa = PBXFileReference; fileEncoding = 4; lastKnownFileType = text; path = LICENSE.txt; sourceTree = "<group>"; };
		A47D4DC72C1B8CCA0086BC93 /* Roboto-Black.ttf */ = {isa = PBXFileReference; lastKnownFileType = file; path = "Roboto-Black.ttf"; sourceTree = "<group>"; };
		A47D4DC82C1B8CCA0086BC93 /* Roboto-BlackItalic.ttf */ = {isa = PBXFileReference; lastKnownFileType = file; path = "Roboto-BlackItalic.ttf"; sourceTree = "<group>"; };
		A47D4DC92C1B8CCA0086BC93 /* Roboto-Bold.ttf */ = {isa = PBXFileReference; lastKnownFileType = file; path = "Roboto-Bold.ttf"; sourceTree = "<group>"; };
		A47D4DCA2C1B8CCA0086BC93 /* Roboto-BoldItalic.ttf */ = {isa = PBXFileReference; lastKnownFileType = file; path = "Roboto-BoldItalic.ttf"; sourceTree = "<group>"; };
		A47D4DCB2C1B8CCA0086BC93 /* Roboto-Italic.ttf */ = {isa = PBXFileReference; lastKnownFileType = file; path = "Roboto-Italic.ttf"; sourceTree = "<group>"; };
		A47D4DCC2C1B8CCA0086BC93 /* Roboto-Light.ttf */ = {isa = PBXFileReference; lastKnownFileType = file; path = "Roboto-Light.ttf"; sourceTree = "<group>"; };
		A47D4DCD2C1B8CCA0086BC93 /* Roboto-LightItalic.ttf */ = {isa = PBXFileReference; lastKnownFileType = file; path = "Roboto-LightItalic.ttf"; sourceTree = "<group>"; };
		A47D4DCE2C1B8CCA0086BC93 /* Roboto-Medium.ttf */ = {isa = PBXFileReference; lastKnownFileType = file; path = "Roboto-Medium.ttf"; sourceTree = "<group>"; };
		A47D4DCF2C1B8CCA0086BC93 /* Roboto-MediumItalic.ttf */ = {isa = PBXFileReference; lastKnownFileType = file; path = "Roboto-MediumItalic.ttf"; sourceTree = "<group>"; };
		A47D4DD02C1B8CCA0086BC93 /* Roboto-Regular.ttf */ = {isa = PBXFileReference; lastKnownFileType = file; path = "Roboto-Regular.ttf"; sourceTree = "<group>"; };
		A47D4DD12C1B8CCA0086BC93 /* Roboto-Thin.ttf */ = {isa = PBXFileReference; lastKnownFileType = file; path = "Roboto-Thin.ttf"; sourceTree = "<group>"; };
		A47D4DD22C1B8CCA0086BC93 /* Roboto-ThinItalic.ttf */ = {isa = PBXFileReference; lastKnownFileType = file; path = "Roboto-ThinItalic.ttf"; sourceTree = "<group>"; };
		A484C8E12C1D8D6B008330C1 /* ListChannelsCategoryCell.swift */ = {isa = PBXFileReference; fileEncoding = 4; lastKnownFileType = sourcecode.swift; path = ListChannelsCategoryCell.swift; sourceTree = "<group>"; };
		A484C8E22C1D8D6B008330C1 /* ListChannelsDefaultCell.swift */ = {isa = PBXFileReference; fileEncoding = 4; lastKnownFileType = sourcecode.swift; path = ListChannelsDefaultCell.swift; sourceTree = "<group>"; };
		A484C8E32C1D8D6B008330C1 /* ListChannelsSeriesCell.swift */ = {isa = PBXFileReference; fileEncoding = 4; lastKnownFileType = sourcecode.swift; path = ListChannelsSeriesCell.swift; sourceTree = "<group>"; };
		A484C8E52C1D8D6B008330C1 /* ListChannelsIconTextHeaderView.swift */ = {isa = PBXFileReference; fileEncoding = 4; lastKnownFileType = sourcecode.swift; path = ListChannelsIconTextHeaderView.swift; sourceTree = "<group>"; };
		A484C8E62C1D8D6B008330C1 /* ListChannelsTextHeaderView.swift */ = {isa = PBXFileReference; fileEncoding = 4; lastKnownFileType = sourcecode.swift; path = ListChannelsTextHeaderView.swift; sourceTree = "<group>"; };
		A484C8E92C1D8D6B008330C1 /* ListChannelsInteractor.swift */ = {isa = PBXFileReference; fileEncoding = 4; lastKnownFileType = sourcecode.swift; path = ListChannelsInteractor.swift; sourceTree = "<group>"; };
		A484C8EA2C1D8D6B008330C1 /* ListChannelsModels.swift */ = {isa = PBXFileReference; fileEncoding = 4; lastKnownFileType = sourcecode.swift; path = ListChannelsModels.swift; sourceTree = "<group>"; };
		A484C8EB2C1D8D6B008330C1 /* ListChannelsPresenter.swift */ = {isa = PBXFileReference; fileEncoding = 4; lastKnownFileType = sourcecode.swift; path = ListChannelsPresenter.swift; sourceTree = "<group>"; };
		A484C8EC2C1D8D6B008330C1 /* ListChannelsRouter.swift */ = {isa = PBXFileReference; fileEncoding = 4; lastKnownFileType = sourcecode.swift; path = ListChannelsRouter.swift; sourceTree = "<group>"; };
		A484C8ED2C1D8D6B008330C1 /* ListChannelsViewController.swift */ = {isa = PBXFileReference; fileEncoding = 4; lastKnownFileType = sourcecode.swift; path = ListChannelsViewController.swift; sourceTree = "<group>"; };
		A484C8EE2C1D8D6B008330C1 /* ListChannelsWorker.swift */ = {isa = PBXFileReference; fileEncoding = 4; lastKnownFileType = sourcecode.swift; path = ListChannelsWorker.swift; sourceTree = "<group>"; };
		A49C73A12C17433200D4DB6A /* Error+Enum.swift */ = {isa = PBXFileReference; lastKnownFileType = sourcecode.swift; path = "Error+Enum.swift"; sourceTree = "<group>"; };
		A49C73A62C17481900D4DB6A /* Color+Constant.swift */ = {isa = PBXFileReference; fileEncoding = 4; lastKnownFileType = sourcecode.swift; path = "Color+Constant.swift"; sourceTree = "<group>"; };
		A49C73AB2C174B3300D4DB6A /* NetworkStatusCode+Enum.swift */ = {isa = PBXFileReference; lastKnownFileType = sourcecode.swift; path = "NetworkStatusCode+Enum.swift"; sourceTree = "<group>"; };
		A49C73AF2C1755CF00D4DB6A /* GlobalTypealiases.swift */ = {isa = PBXFileReference; lastKnownFileType = sourcecode.swift; path = GlobalTypealiases.swift; sourceTree = "<group>"; };
		A49C73B12C17567E00D4DB6A /* NetworkService.swift */ = {isa = PBXFileReference; fileEncoding = 4; lastKnownFileType = sourcecode.swift; path = NetworkService.swift; sourceTree = "<group>"; };
		A4E683422C13519F00809BDA /* mindvalleyassessment.app */ = {isa = PBXFileReference; explicitFileType = wrapper.application; includeInIndex = 0; path = mindvalleyassessment.app; sourceTree = BUILT_PRODUCTS_DIR; };
		A4E683452C13519F00809BDA /* AppDelegate.swift */ = {isa = PBXFileReference; lastKnownFileType = sourcecode.swift; path = AppDelegate.swift; sourceTree = "<group>"; };
		A4E683472C13519F00809BDA /* SceneDelegate.swift */ = {isa = PBXFileReference; lastKnownFileType = sourcecode.swift; path = SceneDelegate.swift; sourceTree = "<group>"; };
		A4E6834F2C13519F00809BDA /* mindvalleyassessment.xcdatamodel */ = {isa = PBXFileReference; lastKnownFileType = wrapper.xcdatamodel; path = mindvalleyassessment.xcdatamodel; sourceTree = "<group>"; };
		A4E683512C1351A200809BDA /* Assets.xcassets */ = {isa = PBXFileReference; lastKnownFileType = folder.assetcatalog; path = Assets.xcassets; sourceTree = "<group>"; };
		A4E683542C1351A200809BDA /* Base */ = {isa = PBXFileReference; lastKnownFileType = file.storyboard; name = Base; path = Base.lproj/LaunchScreen.storyboard; sourceTree = "<group>"; };
		A4E683562C1351A200809BDA /* Info.plist */ = {isa = PBXFileReference; lastKnownFileType = text.plist.xml; path = Info.plist; sourceTree = "<group>"; };
		A4E6835B2C1351A300809BDA /* mindvalleyassessmentTests.xctest */ = {isa = PBXFileReference; explicitFileType = wrapper.cfbundle; includeInIndex = 0; path = mindvalleyassessmentTests.xctest; sourceTree = BUILT_PRODUCTS_DIR; };
		A4E683652C1351A300809BDA /* mindvalleyassessmentUITests.xctest */ = {isa = PBXFileReference; explicitFileType = wrapper.cfbundle; includeInIndex = 0; path = mindvalleyassessmentUITests.xctest; sourceTree = BUILT_PRODUCTS_DIR; };
		A4E683692C1351A300809BDA /* mindvalleyassessmentUITests.swift */ = {isa = PBXFileReference; lastKnownFileType = sourcecode.swift; path = mindvalleyassessmentUITests.swift; sourceTree = "<group>"; };
		A4E6836B2C1351A300809BDA /* mindvalleyassessmentUITestsLaunchTests.swift */ = {isa = PBXFileReference; lastKnownFileType = sourcecode.swift; path = mindvalleyassessmentUITestsLaunchTests.swift; sourceTree = "<group>"; };
		A4E6838F2C13611F00809BDA /* UIColor+Extension.swift */ = {isa = PBXFileReference; lastKnownFileType = sourcecode.swift; path = "UIColor+Extension.swift"; sourceTree = "<group>"; };
		A4E683912C137A8300809BDA /* NewEpisode.swift */ = {isa = PBXFileReference; lastKnownFileType = sourcecode.swift; path = NewEpisode.swift; sourceTree = "<group>"; };
		A4E683932C137AAA00809BDA /* Channel.swift */ = {isa = PBXFileReference; lastKnownFileType = sourcecode.swift; path = Channel.swift; sourceTree = "<group>"; };
		A4E683952C137AB100809BDA /* Category.swift */ = {isa = PBXFileReference; lastKnownFileType = sourcecode.swift; path = Category.swift; sourceTree = "<group>"; };
/* End PBXFileReference section */

/* Begin PBXFrameworksBuildPhase section */
		A4E6833F2C13519F00809BDA /* Frameworks */ = {
			isa = PBXFrameworksBuildPhase;
			buildActionMask = 2147483647;
			files = (
				A4608A942C187CAB00453455 /* Kingfisher in Frameworks */,
			);
			runOnlyForDeploymentPostprocessing = 0;
		};
		A4E683582C1351A300809BDA /* Frameworks */ = {
			isa = PBXFrameworksBuildPhase;
			buildActionMask = 2147483647;
			files = (
			);
			runOnlyForDeploymentPostprocessing = 0;
		};
		A4E683622C1351A300809BDA /* Frameworks */ = {
			isa = PBXFrameworksBuildPhase;
			buildActionMask = 2147483647;
			files = (
			);
			runOnlyForDeploymentPostprocessing = 0;
		};
/* End PBXFrameworksBuildPhase section */

/* Begin PBXGroup section */
		A42318C22C1B935D0030A354 /* UIFont */ = {
			isa = PBXGroup;
			children = (
				A42318BE2C1B92800030A354 /* UIFont+Extension.swift */,
				A42318C32C1B93770030A354 /* UIFontDescriptorAttributeName+Extension.swift */,
			);
			path = UIFont;
			sourceTree = "<group>";
		};
		A45B060F2C1BFFBA0081DA38 /* UI */ = {
			isa = PBXGroup;
			children = (
				A45B06102C1BFFE70081DA38 /* EmptyableCollectionViewDiffableDataSource.swift */,
				A45B06122C1C12120081DA38 /* EmptyStateView.swift */,
			);
			path = UI;
			sourceTree = "<group>";
		};
		A45B06142C1C1CB70081DA38 /* NotificationCenter */ = {
			isa = PBXGroup;
			children = (
				A45B06152C1C1CC70081DA38 /* NotificationName+Constant.swift */,
			);
			path = NotificationCenter;
			sourceTree = "<group>";
		};
		A45B06172C1C2F050081DA38 /* Scene */ = {
			isa = PBXGroup;
			children = (
				A45B06182C1C2F120081DA38 /* ListChannels */,
			);
			path = Scene;
			sourceTree = "<group>";
		};
		A45B06182C1C2F120081DA38 /* ListChannels */ = {
			isa = PBXGroup;
			children = (
				A45B06192C1C2F680081DA38 /* ListChannelsViewControllerTests.swift */,
				A45B061B2C1C5B5A0081DA38 /* ListChannelsInteractorTests.swift */,
				A45B06202C1CD35E0081DA38 /* ListChannelsPresenterTests.swift */,
			);
			path = ListChannels;
			sourceTree = "<group>";
		};
		A45F1D772C19A5FA006F4A47 /* Enums */ = {
			isa = PBXGroup;
			children = (
				A45F1D782C19A694006F4A47 /* Error */,
				A49C73AD2C174C4100D4DB6A /* Network */,
			);
			path = Enums;
			sourceTree = "<group>";
		};
		A45F1D782C19A694006F4A47 /* Error */ = {
			isa = PBXGroup;
			children = (
				A49C73A12C17433200D4DB6A /* Error+Enum.swift */,
			);
			path = Error;
			sourceTree = "<group>";
		};
		A45F1D7F2C19E2D1006F4A47 /* Persistence */ = {
			isa = PBXGroup;
			children = (
				A45F1D892C1A11AA006F4A47 /* NewEpisode */,
				A45F1D8A2C1A11C0006F4A47 /* Channel */,
				A45F1D8B2C1A11C7006F4A47 /* Category */,
			);
			path = Persistence;
			sourceTree = "<group>";
		};
		A45F1D882C1A01BB006F4A47 /* CoreData */ = {
			isa = PBXGroup;
			children = (
				A4E6834E2C13519F00809BDA /* mindvalleyassessment.xcdatamodeld */,
			);
			path = CoreData;
			sourceTree = "<group>";
		};
		A45F1D892C1A11AA006F4A47 /* NewEpisode */ = {
			isa = PBXGroup;
			children = (
				A47D4D9F2C1AED480086BC93 /* NewEpisodeEntity+CoreDataClass.swift */,
				A47D4DA02C1AED480086BC93 /* NewEpisodeEntity+CoreDataProperties.swift */,
			);
			path = NewEpisode;
			sourceTree = "<group>";
		};
		A45F1D8A2C1A11C0006F4A47 /* Channel */ = {
			isa = PBXGroup;
			children = (
				A47D4DB32C1AF4070086BC93 /* ChannelEntity+CoreDataClass.swift */,
				A47D4DB42C1AF4070086BC93 /* ChannelEntity+CoreDataProperties.swift */,
				A47D4DB52C1AF4070086BC93 /* ChannelSubEntity+CoreDataClass.swift */,
				A47D4DB62C1AF4070086BC93 /* ChannelSubEntity+CoreDataProperties.swift */,
			);
			path = Channel;
			sourceTree = "<group>";
		};
		A45F1D8B2C1A11C7006F4A47 /* Category */ = {
			isa = PBXGroup;
			children = (
				A47D4D9B2C1AED480086BC93 /* CategoryEntity+CoreDataClass.swift */,
				A47D4D9C2C1AED480086BC93 /* CategoryEntity+CoreDataProperties.swift */,
			);
			path = Category;
			sourceTree = "<group>";
		};
		A47D4DC22C1B848D0086BC93 /* UIView */ = {
			isa = PBXGroup;
			children = (
				A47D4DBB2C1B52D30086BC93 /* UIView+ActivityIndicator+Extension.swift */,
				A47D4DC32C1B84E90086BC93 /* UIView+Animation+Extension.swift */,
			);
			path = UIView;
			sourceTree = "<group>";
		};
		A47D4DC52C1B8BDD0086BC93 /* Fonts */ = {
			isa = PBXGroup;
			children = (
				A47D4DD32C1B8CCA0086BC93 /* Roboto */,
			);
			path = Fonts;
			sourceTree = "<group>";
		};
		A47D4DD32C1B8CCA0086BC93 /* Roboto */ = {
			isa = PBXGroup;
			children = (
				A47D4DC62C1B8CCA0086BC93 /* LICENSE.txt */,
				A47D4DC72C1B8CCA0086BC93 /* Roboto-Black.ttf */,
				A47D4DC82C1B8CCA0086BC93 /* Roboto-BlackItalic.ttf */,
				A47D4DC92C1B8CCA0086BC93 /* Roboto-Bold.ttf */,
				A47D4DCA2C1B8CCA0086BC93 /* Roboto-BoldItalic.ttf */,
				A47D4DCB2C1B8CCA0086BC93 /* Roboto-Italic.ttf */,
				A47D4DCC2C1B8CCA0086BC93 /* Roboto-Light.ttf */,
				A47D4DCD2C1B8CCA0086BC93 /* Roboto-LightItalic.ttf */,
				A47D4DCE2C1B8CCA0086BC93 /* Roboto-Medium.ttf */,
				A47D4DCF2C1B8CCA0086BC93 /* Roboto-MediumItalic.ttf */,
				A47D4DD02C1B8CCA0086BC93 /* Roboto-Regular.ttf */,
				A47D4DD12C1B8CCA0086BC93 /* Roboto-Thin.ttf */,
				A47D4DD22C1B8CCA0086BC93 /* Roboto-ThinItalic.ttf */,
			);
			path = Roboto;
			sourceTree = "<group>";
		};
		A484C8E42C1D8D6B008330C1 /* Cell */ = {
			isa = PBXGroup;
			children = (
				A484C8E12C1D8D6B008330C1 /* ListChannelsCategoryCell.swift */,
				A484C8E22C1D8D6B008330C1 /* ListChannelsDefaultCell.swift */,
				A484C8E32C1D8D6B008330C1 /* ListChannelsSeriesCell.swift */,
			);
			path = Cell;
			sourceTree = "<group>";
		};
		A484C8E72C1D8D6B008330C1 /* HeaderView */ = {
			isa = PBXGroup;
			children = (
				A484C8E52C1D8D6B008330C1 /* ListChannelsIconTextHeaderView.swift */,
				A484C8E62C1D8D6B008330C1 /* ListChannelsTextHeaderView.swift */,
			);
			path = HeaderView;
			sourceTree = "<group>";
		};
		A484C8E82C1D8D6B008330C1 /* UI */ = {
			isa = PBXGroup;
			children = (
				A484C8E42C1D8D6B008330C1 /* Cell */,
				A484C8E72C1D8D6B008330C1 /* HeaderView */,
			);
			path = UI;
			sourceTree = "<group>";
		};
		A484C8EF2C1D8D6B008330C1 /* ListChannels */ = {
			isa = PBXGroup;
			children = (
				A484C8E82C1D8D6B008330C1 /* UI */,
				A484C8E92C1D8D6B008330C1 /* ListChannelsInteractor.swift */,
				A484C8EA2C1D8D6B008330C1 /* ListChannelsModels.swift */,
				A484C8EB2C1D8D6B008330C1 /* ListChannelsPresenter.swift */,
				A484C8EC2C1D8D6B008330C1 /* ListChannelsRouter.swift */,
				A484C8ED2C1D8D6B008330C1 /* ListChannelsViewController.swift */,
				A484C8EE2C1D8D6B008330C1 /* ListChannelsWorker.swift */,
			);
			path = ListChannels;
			sourceTree = "<group>";
		};
		A49C73992C16FB3900D4DB6A /* Services */ = {
			isa = PBXGroup;
			children = (
				A49C739B2C16FB5600D4DB6A /* Persistence */,
				A49C739A2C16FB4E00D4DB6A /* Network */,
			);
			path = Services;
			sourceTree = "<group>";
		};
		A49C739A2C16FB4E00D4DB6A /* Network */ = {
			isa = PBXGroup;
			children = (
				A49C73B12C17567E00D4DB6A /* NetworkService.swift */,
			);
			path = Network;
			sourceTree = "<group>";
		};
		A49C739B2C16FB5600D4DB6A /* Persistence */ = {
			isa = PBXGroup;
			children = (
				A45F1D792C19BCDC006F4A47 /* PersistenceService.swift */,
			);
			path = Persistence;
			sourceTree = "<group>";
		};
		A49C73A02C1742D700D4DB6A /* Constants */ = {
			isa = PBXGroup;
			children = (
				A45B06142C1C1CB70081DA38 /* NotificationCenter */,
				A49C73A82C17482900D4DB6A /* UI */,
			);
			path = Constants;
			sourceTree = "<group>";
		};
		A49C73A82C17482900D4DB6A /* UI */ = {
			isa = PBXGroup;
			children = (
				A49C73A62C17481900D4DB6A /* Color+Constant.swift */,
				A42318C02C1B93070030A354 /* Font+Constant.swift */,
			);
			path = UI;
			sourceTree = "<group>";
		};
		A49C73A92C17485400D4DB6A /* UIKit */ = {
			isa = PBXGroup;
			children = (
				A42318C22C1B935D0030A354 /* UIFont */,
				A47D4DC22C1B848D0086BC93 /* UIView */,
				A4E6838F2C13611F00809BDA /* UIColor+Extension.swift */,
				A4608A952C187EBB00453455 /* UIImageView+Extension.swift */,
				A47D4DC02C1B5DEE0086BC93 /* UIApplication+Extension.swift */,
			);
			path = UIKit;
			sourceTree = "<group>";
		};
		A49C73AD2C174C4100D4DB6A /* Network */ = {
			isa = PBXGroup;
			children = (
				A49C73AB2C174B3300D4DB6A /* NetworkStatusCode+Enum.swift */,
			);
			path = Network;
			sourceTree = "<group>";
		};
		A49C73AE2C1755A700D4DB6A /* Typealiases */ = {
			isa = PBXGroup;
			children = (
				A49C73AF2C1755CF00D4DB6A /* GlobalTypealiases.swift */,
			);
			path = Typealiases;
			sourceTree = "<group>";
		};
		A49C73B32C1797F100D4DB6A /* Foundation */ = {
			isa = PBXGroup;
			children = (
				A4608A902C18686400453455 /* Collection+Extension.swift */,
			);
			path = Foundation;
			sourceTree = "<group>";
		};
		A4E683392C13519F00809BDA = {
			isa = PBXGroup;
			children = (
				A4E683442C13519F00809BDA /* mindvalleyassessment */,
				A4E6835E2C1351A300809BDA /* mindvalleyassessmentTests */,
				A4E683682C1351A300809BDA /* mindvalleyassessmentUITests */,
				A4E683432C13519F00809BDA /* Products */,
			);
			sourceTree = "<group>";
		};
		A4E683432C13519F00809BDA /* Products */ = {
			isa = PBXGroup;
			children = (
				A4E683422C13519F00809BDA /* mindvalleyassessment.app */,
				A4E6835B2C1351A300809BDA /* mindvalleyassessmentTests.xctest */,
				A4E683652C1351A300809BDA /* mindvalleyassessmentUITests.xctest */,
			);
			name = Products;
			sourceTree = "<group>";
		};
		A4E683442C13519F00809BDA /* mindvalleyassessment */ = {
			isa = PBXGroup;
			children = (
				A49C73992C16FB3900D4DB6A /* Services */,
				A4E6837D2C13559D00809BDA /* Models */,
				A4E6837B2C13559000809BDA /* Scenes */,
				A4E683792C13557D00809BDA /* Shared */,
				A4E683782C13557600809BDA /* Resources */,
				A45F1D882C1A01BB006F4A47 /* CoreData */,
				A4E683452C13519F00809BDA /* AppDelegate.swift */,
				A4E683472C13519F00809BDA /* SceneDelegate.swift */,
				A4E683512C1351A200809BDA /* Assets.xcassets */,
				A4E683532C1351A200809BDA /* LaunchScreen.storyboard */,
				A4E683562C1351A200809BDA /* Info.plist */,
				A4141F452C1F3E9D00B1E917 /* README.md */,
			);
			path = mindvalleyassessment;
			sourceTree = "<group>";
		};
		A4E6835E2C1351A300809BDA /* mindvalleyassessmentTests */ = {
			isa = PBXGroup;
			children = (
				A45B06172C1C2F050081DA38 /* Scene */,
			);
			path = mindvalleyassessmentTests;
			sourceTree = "<group>";
		};
		A4E683682C1351A300809BDA /* mindvalleyassessmentUITests */ = {
			isa = PBXGroup;
			children = (
				A4E683692C1351A300809BDA /* mindvalleyassessmentUITests.swift */,
				A4E6836B2C1351A300809BDA /* mindvalleyassessmentUITestsLaunchTests.swift */,
			);
			path = mindvalleyassessmentUITests;
			sourceTree = "<group>";
		};
		A4E683782C13557600809BDA /* Resources */ = {
			isa = PBXGroup;
			children = (
				A42318C52C1B93BF0030A354 /* Resources.swift */,
				A47D4DC52C1B8BDD0086BC93 /* Fonts */,
			);
			path = Resources;
			sourceTree = "<group>";
		};
		A4E683792C13557D00809BDA /* Shared */ = {
			isa = PBXGroup;
			children = (
				A45B060F2C1BFFBA0081DA38 /* UI */,
				A45F1D772C19A5FA006F4A47 /* Enums */,
				A49C73AE2C1755A700D4DB6A /* Typealiases */,
				A49C73A02C1742D700D4DB6A /* Constants */,
				A4E6838E2C13611900809BDA /* Extensions */,
			);
			path = Shared;
			sourceTree = "<group>";
		};
		A4E6837B2C13559000809BDA /* Scenes */ = {
			isa = PBXGroup;
			children = (
				A484C8EF2C1D8D6B008330C1 /* ListChannels */,
			);
			path = Scenes;
			sourceTree = "<group>";
		};
		A4E6837D2C13559D00809BDA /* Models */ = {
			isa = PBXGroup;
			children = (
				A45F1D7F2C19E2D1006F4A47 /* Persistence */,
				A4E683912C137A8300809BDA /* NewEpisode.swift */,
				A4E683932C137AAA00809BDA /* Channel.swift */,
				A4E683952C137AB100809BDA /* Category.swift */,
			);
			path = Models;
			sourceTree = "<group>";
		};
		A4E6838E2C13611900809BDA /* Extensions */ = {
			isa = PBXGroup;
			children = (
				A49C73B32C1797F100D4DB6A /* Foundation */,
				A49C73A92C17485400D4DB6A /* UIKit */,
			);
			path = Extensions;
			sourceTree = "<group>";
		};
/* End PBXGroup section */

/* Begin PBXNativeTarget section */
		A4E683412C13519F00809BDA /* mindvalleyassessment */ = {
			isa = PBXNativeTarget;
			buildConfigurationList = A4E6836F2C1351A300809BDA /* Build configuration list for PBXNativeTarget "mindvalleyassessment" */;
			buildPhases = (
				A4E6833E2C13519F00809BDA /* Sources */,
				A4E6833F2C13519F00809BDA /* Frameworks */,
				A4E683402C13519F00809BDA /* Resources */,
			);
			buildRules = (
			);
			dependencies = (
			);
			name = mindvalleyassessment;
			packageProductDependencies = (
				A4608A932C187CAB00453455 /* Kingfisher */,
			);
			productName = mindvalleyassessment;
			productReference = A4E683422C13519F00809BDA /* mindvalleyassessment.app */;
			productType = "com.apple.product-type.application";
		};
		A4E6835A2C1351A300809BDA /* mindvalleyassessmentTests */ = {
			isa = PBXNativeTarget;
			buildConfigurationList = A4E683722C1351A300809BDA /* Build configuration list for PBXNativeTarget "mindvalleyassessmentTests" */;
			buildPhases = (
				A4E683572C1351A300809BDA /* Sources */,
				A4E683582C1351A300809BDA /* Frameworks */,
				A4E683592C1351A300809BDA /* Resources */,
			);
			buildRules = (
			);
			dependencies = (
				A4E6835D2C1351A300809BDA /* PBXTargetDependency */,
			);
			name = mindvalleyassessmentTests;
			productName = mindvalleyassessmentTests;
			productReference = A4E6835B2C1351A300809BDA /* mindvalleyassessmentTests.xctest */;
			productType = "com.apple.product-type.bundle.unit-test";
		};
		A4E683642C1351A300809BDA /* mindvalleyassessmentUITests */ = {
			isa = PBXNativeTarget;
			buildConfigurationList = A4E683752C1351A300809BDA /* Build configuration list for PBXNativeTarget "mindvalleyassessmentUITests" */;
			buildPhases = (
				A4E683612C1351A300809BDA /* Sources */,
				A4E683622C1351A300809BDA /* Frameworks */,
				A4E683632C1351A300809BDA /* Resources */,
			);
			buildRules = (
			);
			dependencies = (
				A4E683672C1351A300809BDA /* PBXTargetDependency */,
			);
			name = mindvalleyassessmentUITests;
			productName = mindvalleyassessmentUITests;
			productReference = A4E683652C1351A300809BDA /* mindvalleyassessmentUITests.xctest */;
			productType = "com.apple.product-type.bundle.ui-testing";
		};
/* End PBXNativeTarget section */

/* Begin PBXProject section */
		A4E6833A2C13519F00809BDA /* Project object */ = {
			isa = PBXProject;
			attributes = {
				BuildIndependentTargetsInParallel = 1;
				LastSwiftUpdateCheck = 1540;
				LastUpgradeCheck = 1540;
				TargetAttributes = {
					A4E683412C13519F00809BDA = {
						CreatedOnToolsVersion = 15.4;
					};
					A4E6835A2C1351A300809BDA = {
						CreatedOnToolsVersion = 15.4;
						TestTargetID = A4E683412C13519F00809BDA;
					};
					A4E683642C1351A300809BDA = {
						CreatedOnToolsVersion = 15.4;
						TestTargetID = A4E683412C13519F00809BDA;
					};
				};
			};
			buildConfigurationList = A4E6833D2C13519F00809BDA /* Build configuration list for PBXProject "mindvalleyassessment" */;
			compatibilityVersion = "Xcode 14.0";
			developmentRegion = en;
			hasScannedForEncodings = 0;
			knownRegions = (
				en,
				Base,
			);
			mainGroup = A4E683392C13519F00809BDA;
			packageReferences = (
				A4608A922C187CAA00453455 /* XCRemoteSwiftPackageReference "Kingfisher" */,
			);
			productRefGroup = A4E683432C13519F00809BDA /* Products */;
			projectDirPath = "";
			projectRoot = "";
			targets = (
				A4E683412C13519F00809BDA /* mindvalleyassessment */,
				A4E6835A2C1351A300809BDA /* mindvalleyassessmentTests */,
				A4E683642C1351A300809BDA /* mindvalleyassessmentUITests */,
			);
		};
/* End PBXProject section */

/* Begin PBXResourcesBuildPhase section */
		A4E683402C13519F00809BDA /* Resources */ = {
			isa = PBXResourcesBuildPhase;
			buildActionMask = 2147483647;
			files = (
				A47D4DE02C1B8CCA0086BC93 /* Roboto-ThinItalic.ttf in Resources */,
				A47D4DDF2C1B8CCA0086BC93 /* Roboto-Thin.ttf in Resources */,
				A47D4DD42C1B8CCA0086BC93 /* LICENSE.txt in Resources */,
				A4E683522C1351A200809BDA /* Assets.xcassets in Resources */,
				A47D4DDB2C1B8CCA0086BC93 /* Roboto-LightItalic.ttf in Resources */,
				A47D4DD72C1B8CCA0086BC93 /* Roboto-Bold.ttf in Resources */,
				A47D4DDD2C1B8CCA0086BC93 /* Roboto-MediumItalic.ttf in Resources */,
				A47D4DD62C1B8CCA0086BC93 /* Roboto-BlackItalic.ttf in Resources */,
				A4E683552C1351A200809BDA /* Base in Resources */,
				A47D4DD92C1B8CCA0086BC93 /* Roboto-Italic.ttf in Resources */,
				A47D4DD82C1B8CCA0086BC93 /* Roboto-BoldItalic.ttf in Resources */,
				A47D4DDC2C1B8CCA0086BC93 /* Roboto-Medium.ttf in Resources */,
				A47D4DDE2C1B8CCA0086BC93 /* Roboto-Regular.ttf in Resources */,
				A47D4DD52C1B8CCA0086BC93 /* Roboto-Black.ttf in Resources */,
				A47D4DDA2C1B8CCA0086BC93 /* Roboto-Light.ttf in Resources */,
			);
			runOnlyForDeploymentPostprocessing = 0;
		};
		A4E683592C1351A300809BDA /* Resources */ = {
			isa = PBXResourcesBuildPhase;
			buildActionMask = 2147483647;
			files = (
			);
			runOnlyForDeploymentPostprocessing = 0;
		};
		A4E683632C1351A300809BDA /* Resources */ = {
			isa = PBXResourcesBuildPhase;
			buildActionMask = 2147483647;
			files = (
			);
			runOnlyForDeploymentPostprocessing = 0;
		};
/* End PBXResourcesBuildPhase section */

/* Begin PBXSourcesBuildPhase section */
		A4E6833E2C13519F00809BDA /* Sources */ = {
			isa = PBXSourcesBuildPhase;
			buildActionMask = 2147483647;
			files = (
				A484C8F92C1D8D6B008330C1 /* ListChannelsViewController.swift in Sources */,
				A42318C62C1B93BF0030A354 /* Resources.swift in Sources */,
				A484C8F62C1D8D6B008330C1 /* ListChannelsModels.swift in Sources */,
				A42318C12C1B93070030A354 /* Font+Constant.swift in Sources */,
				A49C73B02C1755CF00D4DB6A /* GlobalTypealiases.swift in Sources */,
				A4E683502C13519F00809BDA /* mindvalleyassessment.xcdatamodeld in Sources */,
				A47D4DC12C1B5DEE0086BC93 /* UIApplication+Extension.swift in Sources */,
				A45B06162C1C1CC70081DA38 /* NotificationName+Constant.swift in Sources */,
				A484C8F72C1D8D6B008330C1 /* ListChannelsPresenter.swift in Sources */,
				A45F1D7A2C19BCDC006F4A47 /* PersistenceService.swift in Sources */,
				A484C8FA2C1D8D6B008330C1 /* ListChannelsWorker.swift in Sources */,
				A42318C42C1B93770030A354 /* UIFontDescriptorAttributeName+Extension.swift in Sources */,
				A484C8F12C1D8D6B008330C1 /* ListChannelsDefaultCell.swift in Sources */,
				A47D4DBC2C1B52D30086BC93 /* UIView+ActivityIndicator+Extension.swift in Sources */,
				A45B06112C1BFFE70081DA38 /* EmptyableCollectionViewDiffableDataSource.swift in Sources */,
				A484C8F22C1D8D6B008330C1 /* ListChannelsSeriesCell.swift in Sources */,
				A4608A912C18686400453455 /* Collection+Extension.swift in Sources */,
				A4608A962C187EBB00453455 /* UIImageView+Extension.swift in Sources */,
				A47D4DC42C1B84E90086BC93 /* UIView+Animation+Extension.swift in Sources */,
				A484C8F42C1D8D6B008330C1 /* ListChannelsTextHeaderView.swift in Sources */,
				A49C73B22C17567E00D4DB6A /* NetworkService.swift in Sources */,
				A484C8F52C1D8D6B008330C1 /* ListChannelsInteractor.swift in Sources */,
				A4E683922C137A8300809BDA /* NewEpisode.swift in Sources */,
				A42318BF2C1B92800030A354 /* UIFont+Extension.swift in Sources */,
				A47D4DB72C1AF4070086BC93 /* ChannelEntity+CoreDataClass.swift in Sources */,
				A484C8F02C1D8D6B008330C1 /* ListChannelsCategoryCell.swift in Sources */,
				A47D4DB82C1AF4070086BC93 /* ChannelEntity+CoreDataProperties.swift in Sources */,
				A47D4DB92C1AF4070086BC93 /* ChannelSubEntity+CoreDataClass.swift in Sources */,
				A47D4DBA2C1AF4070086BC93 /* ChannelSubEntity+CoreDataProperties.swift in Sources */,
				A4E683942C137AAA00809BDA /* Channel.swift in Sources */,
				A4E683462C13519F00809BDA /* AppDelegate.swift in Sources */,
				A484C8F82C1D8D6B008330C1 /* ListChannelsRouter.swift in Sources */,
				A4E683902C13611F00809BDA /* UIColor+Extension.swift in Sources */,
				A4E683482C13519F00809BDA /* SceneDelegate.swift in Sources */,
				A49C73A22C17433200D4DB6A /* Error+Enum.swift in Sources */,
				A45B06132C1C12120081DA38 /* EmptyStateView.swift in Sources */,
				A49C73A72C17481900D4DB6A /* Color+Constant.swift in Sources */,
				A484C8F32C1D8D6B008330C1 /* ListChannelsIconTextHeaderView.swift in Sources */,
				A49C73AC2C174B3300D4DB6A /* NetworkStatusCode+Enum.swift in Sources */,
				A4E683962C137AB100809BDA /* Category.swift in Sources */,
				A47D4DA32C1AED480086BC93 /* CategoryEntity+CoreDataClass.swift in Sources */,
				A47D4DA42C1AED480086BC93 /* CategoryEntity+CoreDataProperties.swift in Sources */,
				A47D4DA72C1AED480086BC93 /* NewEpisodeEntity+CoreDataClass.swift in Sources */,
				A47D4DA82C1AED480086BC93 /* NewEpisodeEntity+CoreDataProperties.swift in Sources */,
			);
			runOnlyForDeploymentPostprocessing = 0;
		};
		A4E683572C1351A300809BDA /* Sources */ = {
			isa = PBXSourcesBuildPhase;
			buildActionMask = 2147483647;
			files = (
				A45B06212C1CD35E0081DA38 /* ListChannelsPresenterTests.swift in Sources */,
				A45B061A2C1C2F680081DA38 /* ListChannelsViewControllerTests.swift in Sources */,
				A45B061C2C1C5B5A0081DA38 /* ListChannelsInteractorTests.swift in Sources */,
			);
			runOnlyForDeploymentPostprocessing = 0;
		};
		A4E683612C1351A300809BDA /* Sources */ = {
			isa = PBXSourcesBuildPhase;
			buildActionMask = 2147483647;
			files = (
				A4E6836A2C1351A300809BDA /* mindvalleyassessmentUITests.swift in Sources */,
				A4E6836C2C1351A300809BDA /* mindvalleyassessmentUITestsLaunchTests.swift in Sources */,
			);
			runOnlyForDeploymentPostprocessing = 0;
		};
/* End PBXSourcesBuildPhase section */

/* Begin PBXTargetDependency section */
		A4E6835D2C1351A300809BDA /* PBXTargetDependency */ = {
			isa = PBXTargetDependency;
			target = A4E683412C13519F00809BDA /* mindvalleyassessment */;
			targetProxy = A4E6835C2C1351A300809BDA /* PBXContainerItemProxy */;
		};
		A4E683672C1351A300809BDA /* PBXTargetDependency */ = {
			isa = PBXTargetDependency;
			target = A4E683412C13519F00809BDA /* mindvalleyassessment */;
			targetProxy = A4E683662C1351A300809BDA /* PBXContainerItemProxy */;
		};
/* End PBXTargetDependency section */

/* Begin PBXVariantGroup section */
		A4E683532C1351A200809BDA /* LaunchScreen.storyboard */ = {
			isa = PBXVariantGroup;
			children = (
				A4E683542C1351A200809BDA /* Base */,
			);
			name = LaunchScreen.storyboard;
			sourceTree = "<group>";
		};
/* End PBXVariantGroup section */

/* Begin XCBuildConfiguration section */
		A4E6836D2C1351A300809BDA /* Debug */ = {
			isa = XCBuildConfiguration;
			buildSettings = {
				ALWAYS_SEARCH_USER_PATHS = NO;
				ASSETCATALOG_COMPILER_GENERATE_SWIFT_ASSET_SYMBOL_EXTENSIONS = YES;
				CLANG_ANALYZER_NONNULL = YES;
				CLANG_ANALYZER_NUMBER_OBJECT_CONVERSION = YES_AGGRESSIVE;
				CLANG_CXX_LANGUAGE_STANDARD = "gnu++20";
				CLANG_ENABLE_MODULES = YES;
				CLANG_ENABLE_OBJC_ARC = YES;
				CLANG_ENABLE_OBJC_WEAK = YES;
				CLANG_WARN_BLOCK_CAPTURE_AUTORELEASING = YES;
				CLANG_WARN_BOOL_CONVERSION = YES;
				CLANG_WARN_COMMA = YES;
				CLANG_WARN_CONSTANT_CONVERSION = YES;
				CLANG_WARN_DEPRECATED_OBJC_IMPLEMENTATIONS = YES;
				CLANG_WARN_DIRECT_OBJC_ISA_USAGE = YES_ERROR;
				CLANG_WARN_DOCUMENTATION_COMMENTS = YES;
				CLANG_WARN_EMPTY_BODY = YES;
				CLANG_WARN_ENUM_CONVERSION = YES;
				CLANG_WARN_INFINITE_RECURSION = YES;
				CLANG_WARN_INT_CONVERSION = YES;
				CLANG_WARN_NON_LITERAL_NULL_CONVERSION = YES;
				CLANG_WARN_OBJC_IMPLICIT_RETAIN_SELF = YES;
				CLANG_WARN_OBJC_LITERAL_CONVERSION = YES;
				CLANG_WARN_OBJC_ROOT_CLASS = YES_ERROR;
				CLANG_WARN_QUOTED_INCLUDE_IN_FRAMEWORK_HEADER = YES;
				CLANG_WARN_RANGE_LOOP_ANALYSIS = YES;
				CLANG_WARN_STRICT_PROTOTYPES = YES;
				CLANG_WARN_SUSPICIOUS_MOVE = YES;
				CLANG_WARN_UNGUARDED_AVAILABILITY = YES_AGGRESSIVE;
				CLANG_WARN_UNREACHABLE_CODE = YES;
				CLANG_WARN__DUPLICATE_METHOD_MATCH = YES;
				COPY_PHASE_STRIP = NO;
				DEBUG_INFORMATION_FORMAT = dwarf;
				ENABLE_STRICT_OBJC_MSGSEND = YES;
				ENABLE_TESTABILITY = YES;
				ENABLE_USER_SCRIPT_SANDBOXING = YES;
				GCC_C_LANGUAGE_STANDARD = gnu17;
				GCC_DYNAMIC_NO_PIC = NO;
				GCC_NO_COMMON_BLOCKS = YES;
				GCC_OPTIMIZATION_LEVEL = 0;
				GCC_PREPROCESSOR_DEFINITIONS = (
					"DEBUG=1",
					"$(inherited)",
				);
				GCC_WARN_64_TO_32_BIT_CONVERSION = YES;
				GCC_WARN_ABOUT_RETURN_TYPE = YES_ERROR;
				GCC_WARN_UNDECLARED_SELECTOR = YES;
				GCC_WARN_UNINITIALIZED_AUTOS = YES_AGGRESSIVE;
				GCC_WARN_UNUSED_FUNCTION = YES;
				GCC_WARN_UNUSED_VARIABLE = YES;
				IPHONEOS_DEPLOYMENT_TARGET = 17.5;
				LOCALIZATION_PREFERS_STRING_CATALOGS = YES;
				MTL_ENABLE_DEBUG_INFO = INCLUDE_SOURCE;
				MTL_FAST_MATH = YES;
				ONLY_ACTIVE_ARCH = YES;
				SDKROOT = iphoneos;
				SWIFT_ACTIVE_COMPILATION_CONDITIONS = "DEBUG $(inherited)";
				SWIFT_OPTIMIZATION_LEVEL = "-Onone";
			};
			name = Debug;
		};
		A4E6836E2C1351A300809BDA /* Release */ = {
			isa = XCBuildConfiguration;
			buildSettings = {
				ALWAYS_SEARCH_USER_PATHS = NO;
				ASSETCATALOG_COMPILER_GENERATE_SWIFT_ASSET_SYMBOL_EXTENSIONS = YES;
				CLANG_ANALYZER_NONNULL = YES;
				CLANG_ANALYZER_NUMBER_OBJECT_CONVERSION = YES_AGGRESSIVE;
				CLANG_CXX_LANGUAGE_STANDARD = "gnu++20";
				CLANG_ENABLE_MODULES = YES;
				CLANG_ENABLE_OBJC_ARC = YES;
				CLANG_ENABLE_OBJC_WEAK = YES;
				CLANG_WARN_BLOCK_CAPTURE_AUTORELEASING = YES;
				CLANG_WARN_BOOL_CONVERSION = YES;
				CLANG_WARN_COMMA = YES;
				CLANG_WARN_CONSTANT_CONVERSION = YES;
				CLANG_WARN_DEPRECATED_OBJC_IMPLEMENTATIONS = YES;
				CLANG_WARN_DIRECT_OBJC_ISA_USAGE = YES_ERROR;
				CLANG_WARN_DOCUMENTATION_COMMENTS = YES;
				CLANG_WARN_EMPTY_BODY = YES;
				CLANG_WARN_ENUM_CONVERSION = YES;
				CLANG_WARN_INFINITE_RECURSION = YES;
				CLANG_WARN_INT_CONVERSION = YES;
				CLANG_WARN_NON_LITERAL_NULL_CONVERSION = YES;
				CLANG_WARN_OBJC_IMPLICIT_RETAIN_SELF = YES;
				CLANG_WARN_OBJC_LITERAL_CONVERSION = YES;
				CLANG_WARN_OBJC_ROOT_CLASS = YES_ERROR;
				CLANG_WARN_QUOTED_INCLUDE_IN_FRAMEWORK_HEADER = YES;
				CLANG_WARN_RANGE_LOOP_ANALYSIS = YES;
				CLANG_WARN_STRICT_PROTOTYPES = YES;
				CLANG_WARN_SUSPICIOUS_MOVE = YES;
				CLANG_WARN_UNGUARDED_AVAILABILITY = YES_AGGRESSIVE;
				CLANG_WARN_UNREACHABLE_CODE = YES;
				CLANG_WARN__DUPLICATE_METHOD_MATCH = YES;
				COPY_PHASE_STRIP = NO;
				DEBUG_INFORMATION_FORMAT = "dwarf-with-dsym";
				ENABLE_NS_ASSERTIONS = NO;
				ENABLE_STRICT_OBJC_MSGSEND = YES;
				ENABLE_USER_SCRIPT_SANDBOXING = YES;
				GCC_C_LANGUAGE_STANDARD = gnu17;
				GCC_NO_COMMON_BLOCKS = YES;
				GCC_WARN_64_TO_32_BIT_CONVERSION = YES;
				GCC_WARN_ABOUT_RETURN_TYPE = YES_ERROR;
				GCC_WARN_UNDECLARED_SELECTOR = YES;
				GCC_WARN_UNINITIALIZED_AUTOS = YES_AGGRESSIVE;
				GCC_WARN_UNUSED_FUNCTION = YES;
				GCC_WARN_UNUSED_VARIABLE = YES;
				IPHONEOS_DEPLOYMENT_TARGET = 17.5;
				LOCALIZATION_PREFERS_STRING_CATALOGS = YES;
				MTL_ENABLE_DEBUG_INFO = NO;
				MTL_FAST_MATH = YES;
				SDKROOT = iphoneos;
				SWIFT_COMPILATION_MODE = wholemodule;
				VALIDATE_PRODUCT = YES;
			};
			name = Release;
		};
		A4E683702C1351A300809BDA /* Debug */ = {
			isa = XCBuildConfiguration;
			buildSettings = {
				ASSETCATALOG_COMPILER_APPICON_NAME = AppIcon;
				ASSETCATALOG_COMPILER_GLOBAL_ACCENT_COLOR_NAME = AccentColor;
				CODE_SIGN_STYLE = Automatic;
				CURRENT_PROJECT_VERSION = 1;
				DEVELOPMENT_TEAM = 7JP6349F9Y;
				GENERATE_INFOPLIST_FILE = YES;
				INFOPLIST_FILE = mindvalleyassessment/Info.plist;
				INFOPLIST_KEY_UIApplicationSupportsIndirectInputEvents = YES;
				INFOPLIST_KEY_UILaunchStoryboardName = LaunchScreen;
				INFOPLIST_KEY_UISupportedInterfaceOrientations = UIInterfaceOrientationPortrait;
				INFOPLIST_KEY_UISupportedInterfaceOrientations_iPad = "UIInterfaceOrientationLandscapeLeft UIInterfaceOrientationLandscapeRight UIInterfaceOrientationPortrait UIInterfaceOrientationPortraitUpsideDown";
				IPHONEOS_DEPLOYMENT_TARGET = 13.0;
				LD_RUNPATH_SEARCH_PATHS = (
					"$(inherited)",
					"@executable_path/Frameworks",
				);
				MARKETING_VERSION = 1.0;
				PRODUCT_BUNDLE_IDENTIFIER = com.alwyndev.mindvalleyassessment;
				PRODUCT_NAME = "$(TARGET_NAME)";
				SWIFT_EMIT_LOC_STRINGS = YES;
				SWIFT_VERSION = 5.0;
				TARGETED_DEVICE_FAMILY = "1,2";
			};
			name = Debug;
		};
		A4E683712C1351A300809BDA /* Release */ = {
			isa = XCBuildConfiguration;
			buildSettings = {
				ASSETCATALOG_COMPILER_APPICON_NAME = AppIcon;
				ASSETCATALOG_COMPILER_GLOBAL_ACCENT_COLOR_NAME = AccentColor;
				CODE_SIGN_STYLE = Automatic;
				CURRENT_PROJECT_VERSION = 1;
				DEVELOPMENT_TEAM = 7JP6349F9Y;
				GENERATE_INFOPLIST_FILE = YES;
				INFOPLIST_FILE = mindvalleyassessment/Info.plist;
				INFOPLIST_KEY_UIApplicationSupportsIndirectInputEvents = YES;
				INFOPLIST_KEY_UILaunchStoryboardName = LaunchScreen;
				INFOPLIST_KEY_UISupportedInterfaceOrientations = UIInterfaceOrientationPortrait;
				INFOPLIST_KEY_UISupportedInterfaceOrientations_iPad = "UIInterfaceOrientationLandscapeLeft UIInterfaceOrientationLandscapeRight UIInterfaceOrientationPortrait UIInterfaceOrientationPortraitUpsideDown";
				IPHONEOS_DEPLOYMENT_TARGET = 13.0;
				LD_RUNPATH_SEARCH_PATHS = (
					"$(inherited)",
					"@executable_path/Frameworks",
				);
				MARKETING_VERSION = 1.0;
				PRODUCT_BUNDLE_IDENTIFIER = com.alwyndev.mindvalleyassessment;
				PRODUCT_NAME = "$(TARGET_NAME)";
				SWIFT_EMIT_LOC_STRINGS = YES;
				SWIFT_VERSION = 5.0;
				TARGETED_DEVICE_FAMILY = "1,2";
			};
			name = Release;
		};
		A4E683732C1351A300809BDA /* Debug */ = {
			isa = XCBuildConfiguration;
			buildSettings = {
				ALWAYS_EMBED_SWIFT_STANDARD_LIBRARIES = YES;
				BUNDLE_LOADER = "$(TEST_HOST)";
				CODE_SIGN_STYLE = Automatic;
				CURRENT_PROJECT_VERSION = 1;
				DEVELOPMENT_TEAM = 7JP6349F9Y;
				GENERATE_INFOPLIST_FILE = YES;
				IPHONEOS_DEPLOYMENT_TARGET = 17.5;
				MARKETING_VERSION = 1.0;
				PRODUCT_BUNDLE_IDENTIFIER = com.alwyndev.mindvalleyassessmentTests;
				PRODUCT_NAME = "$(TARGET_NAME)";
				SWIFT_EMIT_LOC_STRINGS = NO;
				SWIFT_VERSION = 5.0;
				TARGETED_DEVICE_FAMILY = "1,2";
				TEST_HOST = "$(BUILT_PRODUCTS_DIR)/mindvalleyassessment.app/$(BUNDLE_EXECUTABLE_FOLDER_PATH)/mindvalleyassessment";
			};
			name = Debug;
		};
		A4E683742C1351A300809BDA /* Release */ = {
			isa = XCBuildConfiguration;
			buildSettings = {
				ALWAYS_EMBED_SWIFT_STANDARD_LIBRARIES = YES;
				BUNDLE_LOADER = "$(TEST_HOST)";
				CODE_SIGN_STYLE = Automatic;
				CURRENT_PROJECT_VERSION = 1;
				DEVELOPMENT_TEAM = 7JP6349F9Y;
				GENERATE_INFOPLIST_FILE = YES;
				IPHONEOS_DEPLOYMENT_TARGET = 17.5;
				MARKETING_VERSION = 1.0;
				PRODUCT_BUNDLE_IDENTIFIER = com.alwyndev.mindvalleyassessmentTests;
				PRODUCT_NAME = "$(TARGET_NAME)";
				SWIFT_EMIT_LOC_STRINGS = NO;
				SWIFT_VERSION = 5.0;
				TARGETED_DEVICE_FAMILY = "1,2";
				TEST_HOST = "$(BUILT_PRODUCTS_DIR)/mindvalleyassessment.app/$(BUNDLE_EXECUTABLE_FOLDER_PATH)/mindvalleyassessment";
			};
			name = Release;
		};
		A4E683762C1351A300809BDA /* Debug */ = {
			isa = XCBuildConfiguration;
			buildSettings = {
				ALWAYS_EMBED_SWIFT_STANDARD_LIBRARIES = YES;
				CODE_SIGN_STYLE = Automatic;
				CURRENT_PROJECT_VERSION = 1;
				DEVELOPMENT_TEAM = 7JP6349F9Y;
				GENERATE_INFOPLIST_FILE = YES;
				MARKETING_VERSION = 1.0;
				PRODUCT_BUNDLE_IDENTIFIER = com.alwyndev.mindvalleyassessmentUITests;
				PRODUCT_NAME = "$(TARGET_NAME)";
				SWIFT_EMIT_LOC_STRINGS = NO;
				SWIFT_VERSION = 5.0;
				TARGETED_DEVICE_FAMILY = "1,2";
				TEST_TARGET_NAME = mindvalleyassessment;
			};
			name = Debug;
		};
		A4E683772C1351A300809BDA /* Release */ = {
			isa = XCBuildConfiguration;
			buildSettings = {
				ALWAYS_EMBED_SWIFT_STANDARD_LIBRARIES = YES;
				CODE_SIGN_STYLE = Automatic;
				CURRENT_PROJECT_VERSION = 1;
				DEVELOPMENT_TEAM = 7JP6349F9Y;
				GENERATE_INFOPLIST_FILE = YES;
				MARKETING_VERSION = 1.0;
				PRODUCT_BUNDLE_IDENTIFIER = com.alwyndev.mindvalleyassessmentUITests;
				PRODUCT_NAME = "$(TARGET_NAME)";
				SWIFT_EMIT_LOC_STRINGS = NO;
				SWIFT_VERSION = 5.0;
				TARGETED_DEVICE_FAMILY = "1,2";
				TEST_TARGET_NAME = mindvalleyassessment;
			};
			name = Release;
		};
/* End XCBuildConfiguration section */

/* Begin XCConfigurationList section */
		A4E6833D2C13519F00809BDA /* Build configuration list for PBXProject "mindvalleyassessment" */ = {
			isa = XCConfigurationList;
			buildConfigurations = (
				A4E6836D2C1351A300809BDA /* Debug */,
				A4E6836E2C1351A300809BDA /* Release */,
			);
			defaultConfigurationIsVisible = 0;
			defaultConfigurationName = Release;
		};
		A4E6836F2C1351A300809BDA /* Build configuration list for PBXNativeTarget "mindvalleyassessment" */ = {
			isa = XCConfigurationList;
			buildConfigurations = (
				A4E683702C1351A300809BDA /* Debug */,
				A4E683712C1351A300809BDA /* Release */,
			);
			defaultConfigurationIsVisible = 0;
			defaultConfigurationName = Release;
		};
		A4E683722C1351A300809BDA /* Build configuration list for PBXNativeTarget "mindvalleyassessmentTests" */ = {
			isa = XCConfigurationList;
			buildConfigurations = (
				A4E683732C1351A300809BDA /* Debug */,
				A4E683742C1351A300809BDA /* Release */,
			);
			defaultConfigurationIsVisible = 0;
			defaultConfigurationName = Release;
		};
		A4E683752C1351A300809BDA /* Build configuration list for PBXNativeTarget "mindvalleyassessmentUITests" */ = {
			isa = XCConfigurationList;
			buildConfigurations = (
				A4E683762C1351A300809BDA /* Debug */,
				A4E683772C1351A300809BDA /* Release */,
			);
			defaultConfigurationIsVisible = 0;
			defaultConfigurationName = Release;
		};
/* End XCConfigurationList section */

/* Begin XCRemoteSwiftPackageReference section */
		A4608A922C187CAA00453455 /* XCRemoteSwiftPackageReference "Kingfisher" */ = {
			isa = XCRemoteSwiftPackageReference;
			repositoryURL = "https://github.com/onevcat/Kingfisher.git";
			requirement = {
				kind = upToNextMajorVersion;
				minimumVersion = 7.12.0;
			};
		};
/* End XCRemoteSwiftPackageReference section */

/* Begin XCSwiftPackageProductDependency section */
		A4608A932C187CAB00453455 /* Kingfisher */ = {
			isa = XCSwiftPackageProductDependency;
			package = A4608A922C187CAA00453455 /* XCRemoteSwiftPackageReference "Kingfisher" */;
			productName = Kingfisher;
		};
/* End XCSwiftPackageProductDependency section */

/* Begin XCVersionGroup section */
		A4E6834E2C13519F00809BDA /* mindvalleyassessment.xcdatamodeld */ = {
			isa = XCVersionGroup;
			children = (
				A4E6834F2C13519F00809BDA /* mindvalleyassessment.xcdatamodel */,
			);
			currentVersion = A4E6834F2C13519F00809BDA /* mindvalleyassessment.xcdatamodel */;
			path = mindvalleyassessment.xcdatamodeld;
			sourceTree = "<group>";
			versionGroupType = wrapper.xcdatamodel;
		};
/* End XCVersionGroup section */
	};
	rootObject = A4E6833A2C13519F00809BDA /* Project object */;
}
